// !$*UTF8*$!
{
	archiveVersion = 1;
	classes = {
	};
	objectVersion = 46;
	objects = {

/* Begin PBXBuildFile section */
		1D3623260D0F684500981E51 /* senseLocationAppAppDelegate.m in Sources */ = {isa = PBXBuildFile; fileRef = 1D3623250D0F684500981E51 /* senseLocationAppAppDelegate.m */; };
		1D60589B0D05DD56006BFB54 /* main.m in Sources */ = {isa = PBXBuildFile; fileRef = 29B97316FDCFA39411CA2CEA /* main.m */; };
		1D60589F0D05DD5A006BFB54 /* Foundation.framework in Frameworks */ = {isa = PBXBuildFile; fileRef = 1D30AB110D05D00D00671497 /* Foundation.framework */; };
		1DF5F4E00D08C38300B7A737 /* UIKit.framework in Frameworks */ = {isa = PBXBuildFile; fileRef = 1DF5F4DF0D08C38300B7A737 /* UIKit.framework */; };
		288765FD0DF74451002DB57D /* CoreGraphics.framework in Frameworks */ = {isa = PBXBuildFile; fileRef = 288765FC0DF74451002DB57D /* CoreGraphics.framework */; };
		28AD733F0D9D9553002E5188 /* MainWindow.xib in Resources */ = {isa = PBXBuildFile; fileRef = 28AD733E0D9D9553002E5188 /* MainWindow.xib */; };
		3E26296114C9CFF6002E3851 /* ActivityFeedbackController.m in Sources */ = {isa = PBXBuildFile; fileRef = 3E26295F14C9CFF6002E3851 /* ActivityFeedbackController.m */; };
		3E26296214C9CFF6002E3851 /* ActivityFeedbackController.xib in Resources */ = {isa = PBXBuildFile; fileRef = 3E26296014C9CFF6002E3851 /* ActivityFeedbackController.xib */; };
		3E26296614C9EC29002E3851 /* ActivityFeedback.m in Sources */ = {isa = PBXBuildFile; fileRef = 3E26296514C9EC29002E3851 /* ActivityFeedback.m */; };
		3E26296914C9EE1E002E3851 /* Activity.m in Sources */ = {isa = PBXBuildFile; fileRef = 3E26296814C9EE1E002E3851 /* Activity.m */; };
		3E2B2170131B9483000D7A8F /* OrientationSensor.m in Sources */ = {isa = PBXBuildFile; fileRef = 3E2B216F131B9483000D7A8F /* OrientationSensor.m */; };
		3E2B217E131B9648000D7A8F /* CoreMotion.framework in Frameworks */ = {isa = PBXBuildFile; fileRef = 3E2B217D131B9648000D7A8F /* CoreMotion.framework */; };
		3E2B22C4131BEAF4000D7A8F /* UserProximity.m in Sources */ = {isa = PBXBuildFile; fileRef = 3E2B22C3131BEAF4000D7A8F /* UserProximity.m */; };
		3E2C83A11309311E00B1C6CC /* NSString+MD5Hash.m in Sources */ = {isa = PBXBuildFile; fileRef = 3E2C83A01309311E00B1C6CC /* NSString+MD5Hash.m */; };
		3E2C83F7130941B300B1C6CC /* Settings.plist in Resources */ = {isa = PBXBuildFile; fileRef = 3E2C83F6130941B300B1C6CC /* Settings.plist */; };
		3E2C83FA1309445000B1C6CC /* CommonSense.plist in Resources */ = {isa = PBXBuildFile; fileRef = 3E2C83F91309445000B1C6CC /* CommonSense.plist */; };
		3E2C85BB1309821500B1C6CC /* Sensor.m in Sources */ = {isa = PBXBuildFile; fileRef = 3E2C85BA1309821500B1C6CC /* Sensor.m */; };
		3E2C86AD130A8CEC00B1C6CC /* SensorStore.m in Sources */ = {isa = PBXBuildFile; fileRef = 3E2C86AC130A8CEC00B1C6CC /* SensorStore.m */; };
		3E2C86F8130A98B400B1C6CC /* LocationSensor.m in Sources */ = {isa = PBXBuildFile; fileRef = 3E2C86F7130A98B400B1C6CC /* LocationSensor.m */; };
		3E325B7E1427875900D0E6A8 /* MovingSensor.m in Sources */ = {isa = PBXBuildFile; fileRef = 3E325B7D1427875900D0E6A8 /* MovingSensor.m */; };
		3E36DC781460292200C456C3 /* ApplicationStateChange.m in Sources */ = {isa = PBXBuildFile; fileRef = 3E36DC771460292100C456C3 /* ApplicationStateChange.m */; };
		3E562A51135D9A6D00B54448 /* CallSensor.m in Sources */ = {isa = PBXBuildFile; fileRef = 3E562A50135D9A6D00B54448 /* CallSensor.m */; };
		3E562A66135D9DA800B54448 /* CoreTelephony.framework in Frameworks */ = {isa = PBXBuildFile; fileRef = 3E562A65135D9DA800B54448 /* CoreTelephony.framework */; };
		3E5D41C9136957640057D124 /* AccelerationSensor.m in Sources */ = {isa = PBXBuildFile; fileRef = 3E5D41C8136957640057D124 /* AccelerationSensor.m */; };
		3E5D41F5136966BB0057D124 /* RotationSensor.m in Sources */ = {isa = PBXBuildFile; fileRef = 3E5D41F4136966BB0057D124 /* RotationSensor.m */; };
		3E5D4253136ADD850057D124 /* ConnectionSensor.m in Sources */ = {isa = PBXBuildFile; fileRef = 3E5D4252136ADD850057D124 /* ConnectionSensor.m */; };
		3E5D425D136AE0EC0057D124 /* Reachability.m in Sources */ = {isa = PBXBuildFile; fileRef = 3E5D425C136AE0EC0057D124 /* Reachability.m */; };
		3E5D4287136AE4970057D124 /* SystemConfiguration.framework in Frameworks */ = {isa = PBXBuildFile; fileRef = 3E5D4286136AE4970057D124 /* SystemConfiguration.framework */; };
		3E670BDC13F16909008BCB99 /* SampleStrategy.m in Sources */ = {isa = PBXBuildFile; fileRef = 3E670BDB13F16909008BCB99 /* SampleStrategy.m */; };
		3E7DC1B21305430C00B28337 /* Sender.m in Sources */ = {isa = PBXBuildFile; fileRef = 3E7DC1B11305430C00B28337 /* Sender.m */; };
		3E7DC21013054E8400B28337 /* NSObject+SBJSON.m in Sources */ = {isa = PBXBuildFile; fileRef = 3E7DC20713054E8400B28337 /* NSObject+SBJSON.m */; };
		3E7DC21113054E8400B28337 /* NSString+SBJSON.m in Sources */ = {isa = PBXBuildFile; fileRef = 3E7DC20913054E8400B28337 /* NSString+SBJSON.m */; };
		3E7DC21213054E8400B28337 /* SBJsonBase.m in Sources */ = {isa = PBXBuildFile; fileRef = 3E7DC20B13054E8400B28337 /* SBJsonBase.m */; };
		3E7DC21313054E8400B28337 /* SBJsonParser.m in Sources */ = {isa = PBXBuildFile; fileRef = 3E7DC20D13054E8400B28337 /* SBJsonParser.m */; };
		3E7DC21413054E8400B28337 /* SBJsonWriter.m in Sources */ = {isa = PBXBuildFile; fileRef = 3E7DC20F13054E8400B28337 /* SBJsonWriter.m */; };
		3EA387B6133C9FB7007E0309 /* SpatialProvider.m in Sources */ = {isa = PBXBuildFile; fileRef = 3EA387B5133C9FB7007E0309 /* SpatialProvider.m */; };
		3EA38807133CAA28007E0309 /* AccelerometerSensor.m in Sources */ = {isa = PBXBuildFile; fileRef = 3EA38806133CAA28007E0309 /* AccelerometerSensor.m */; };
		3EA6225F137AC237007F60D2 /* EntitlementsDebug.plist in Resources */ = {isa = PBXBuildFile; fileRef = 3EA6225E137AC237007F60D2 /* EntitlementsDebug.plist */; };
		3EA622BF137AD8C5007F60D2 /* PickerTable.m in Sources */ = {isa = PBXBuildFile; fileRef = 3EA622BE137AD8C5007F60D2 /* PickerTable.m */; };
		3EA62382137BFF90007F60D2 /* Preferences.m in Sources */ = {isa = PBXBuildFile; fileRef = 3EA62381137BFF90007F60D2 /* Preferences.m */; };
		3EA626CD13812A3B007F60D2 /* icon@2x.png in Resources */ = {isa = PBXBuildFile; fileRef = 3EA626CC13812A3B007F60D2 /* icon@2x.png */; };
		3EA626EA13814A5F007F60D2 /* Default.png in Resources */ = {isa = PBXBuildFile; fileRef = 3EA626E913814A5F007F60D2 /* Default.png */; };
		3EA6278B1381664C007F60D2 /* Default@2x.png in Resources */ = {isa = PBXBuildFile; fileRef = 3EA6278A1381664C007F60D2 /* Default@2x.png */; };
		3EA6281A13840A80007F60D2 /* PreferencesSensor.m in Sources */ = {isa = PBXBuildFile; fileRef = 3EA6281913840A80007F60D2 /* PreferencesSensor.m */; };
		3EA62864138BF185007F60D2 /* MiscSensor.m in Sources */ = {isa = PBXBuildFile; fileRef = 3EA62863138BF185007F60D2 /* MiscSensor.m */; };
		3EAE90C91356E94100E79918 /* AudioToolbox.framework in Frameworks */ = {isa = PBXBuildFile; fileRef = 3EAE90C81356E94100E79918 /* AudioToolbox.framework */; };
		3EB958A8131812C70043AE17 /* BatterySensor.m in Sources */ = {isa = PBXBuildFile; fileRef = 3EB958A5131812C70043AE17 /* BatterySensor.m */; };
		3EB958A9131812C70043AE17 /* CompassSensor.m in Sources */ = {isa = PBXBuildFile; fileRef = 3EB958A7131812C70043AE17 /* CompassSensor.m */; };
		3EBA1930130AE7F000C5B924 /* CoreLocation.framework in Frameworks */ = {isa = PBXBuildFile; fileRef = 3EBA192F130AE7F000C5B924 /* CoreLocation.framework */; };
		3EBA1C80130C2FC600C5B924 /* SettingsViewController.m in Sources */ = {isa = PBXBuildFile; fileRef = 3EBA1C7E130C2FC600C5B924 /* SettingsViewController.m */; };
		3EBA2037130D731700C5B924 /* LoginSettings.m in Sources */ = {isa = PBXBuildFile; fileRef = 3EBA2035130D731700C5B924 /* LoginSettings.m */; };
		3EBA2038130D731700C5B924 /* LoginSettings.xib in Resources */ = {isa = PBXBuildFile; fileRef = 3EBA2036130D731700C5B924 /* LoginSettings.xib */; };
		3EBA22A5130E8C2700C5B924 /* Settings.m in Sources */ = {isa = PBXBuildFile; fileRef = 3EBA22A4130E8C2700C5B924 /* Settings.m */; };
		3EC5AAA513C7407400CDACED /* MainWindow-iPad.xib in Resources */ = {isa = PBXBuildFile; fileRef = 3EC5AAA413C7407400CDACED /* MainWindow-iPad.xib */; };
		3EDB0B1E13153A3500936309 /* WebViewController.m in Sources */ = {isa = PBXBuildFile; fileRef = 3EDB0B1D13153A3500936309 /* WebViewController.m */; };
		3EE0F773131D004500DE2609 /* AVFoundation.framework in Frameworks */ = {isa = PBXBuildFile; fileRef = 3EE0F772131D004500DE2609 /* AVFoundation.framework */; };
		3EE0F95F131E75EA00DE2609 /* CoreAudio.framework in Frameworks */ = {isa = PBXBuildFile; fileRef = 3EE0F95E131E75EA00DE2609 /* CoreAudio.framework */; };
		3EE0F9D6131E963000DE2609 /* icon.png in Resources */ = {isa = PBXBuildFile; fileRef = 3EE0F9D5131E963000DE2609 /* icon.png */; };
		3EE0F9FB131E9DA900DE2609 /* CoreMedia.framework in Frameworks */ = {isa = PBXBuildFile; fileRef = 3EE0F9FA131E9DA900DE2609 /* CoreMedia.framework */; };
		3EE3C75E131CE4BA00541744 /* OrientationStateSensor.m in Sources */ = {isa = PBXBuildFile; fileRef = 3EE3C75D131CE4BA00541744 /* OrientationStateSensor.m */; };
		3EE3C793131CFBEE00541744 /* NoiseSensor.m in Sources */ = {isa = PBXBuildFile; fileRef = 3EE3C792131CFBEE00541744 /* NoiseSensor.m */; };
/* End PBXBuildFile section */

/* Begin PBXFileReference section */
		1D30AB110D05D00D00671497 /* Foundation.framework */ = {isa = PBXFileReference; lastKnownFileType = wrapper.framework; name = Foundation.framework; path = System/Library/Frameworks/Foundation.framework; sourceTree = SDKROOT; };
		1D3623240D0F684500981E51 /* senseLocationAppAppDelegate.h */ = {isa = PBXFileReference; fileEncoding = 4; lastKnownFileType = sourcecode.c.h; path = senseLocationAppAppDelegate.h; sourceTree = "<group>"; };
		1D3623250D0F684500981E51 /* senseLocationAppAppDelegate.m */ = {isa = PBXFileReference; fileEncoding = 4; lastKnownFileType = sourcecode.c.objc; path = senseLocationAppAppDelegate.m; sourceTree = "<group>"; };
		1D6058910D05DD3D006BFB54 /* sensePlatform.app */ = {isa = PBXFileReference; explicitFileType = wrapper.application; includeInIndex = 0; path = sensePlatform.app; sourceTree = BUILT_PRODUCTS_DIR; };
		1DF5F4DF0D08C38300B7A737 /* UIKit.framework */ = {isa = PBXFileReference; lastKnownFileType = wrapper.framework; name = UIKit.framework; path = System/Library/Frameworks/UIKit.framework; sourceTree = SDKROOT; };
		288765FC0DF74451002DB57D /* CoreGraphics.framework */ = {isa = PBXFileReference; lastKnownFileType = wrapper.framework; name = CoreGraphics.framework; path = System/Library/Frameworks/CoreGraphics.framework; sourceTree = SDKROOT; };
		28AD733E0D9D9553002E5188 /* MainWindow.xib */ = {isa = PBXFileReference; lastKnownFileType = file.xib; path = MainWindow.xib; sourceTree = "<group>"; };
		29B97316FDCFA39411CA2CEA /* main.m */ = {isa = PBXFileReference; fileEncoding = 4; lastKnownFileType = sourcecode.c.objc; path = main.m; sourceTree = "<group>"; };
		32CA4F630368D1EE00C91783 /* sensePlatform_Prefix.pch */ = {isa = PBXFileReference; fileEncoding = 4; lastKnownFileType = sourcecode.c.h; path = sensePlatform_Prefix.pch; sourceTree = "<group>"; };
		3E26295E14C9CFF6002E3851 /* ActivityFeedbackController.h */ = {isa = PBXFileReference; fileEncoding = 4; lastKnownFileType = sourcecode.c.h; path = ActivityFeedbackController.h; sourceTree = "<group>"; };
		3E26295F14C9CFF6002E3851 /* ActivityFeedbackController.m */ = {isa = PBXFileReference; fileEncoding = 4; lastKnownFileType = sourcecode.c.objc; path = ActivityFeedbackController.m; sourceTree = "<group>"; };
		3E26296014C9CFF6002E3851 /* ActivityFeedbackController.xib */ = {isa = PBXFileReference; fileEncoding = 4; lastKnownFileType = file.xib; path = ActivityFeedbackController.xib; sourceTree = "<group>"; };
		3E26296414C9EC29002E3851 /* ActivityFeedback.h */ = {isa = PBXFileReference; fileEncoding = 4; lastKnownFileType = sourcecode.c.h; path = ActivityFeedback.h; sourceTree = "<group>"; };
		3E26296514C9EC29002E3851 /* ActivityFeedback.m */ = {isa = PBXFileReference; fileEncoding = 4; lastKnownFileType = sourcecode.c.objc; path = ActivityFeedback.m; sourceTree = "<group>"; };
		3E26296714C9EE1E002E3851 /* Activity.h */ = {isa = PBXFileReference; fileEncoding = 4; lastKnownFileType = sourcecode.c.h; path = Activity.h; sourceTree = "<group>"; };
		3E26296814C9EE1E002E3851 /* Activity.m */ = {isa = PBXFileReference; fileEncoding = 4; lastKnownFileType = sourcecode.c.objc; path = Activity.m; sourceTree = "<group>"; };
		3E2B216E131B9483000D7A8F /* OrientationSensor.h */ = {isa = PBXFileReference; fileEncoding = 4; lastKnownFileType = sourcecode.c.h; path = OrientationSensor.h; sourceTree = "<group>"; };
		3E2B216F131B9483000D7A8F /* OrientationSensor.m */ = {isa = PBXFileReference; fileEncoding = 4; lastKnownFileType = sourcecode.c.objc; path = OrientationSensor.m; sourceTree = "<group>"; };
		3E2B217D131B9648000D7A8F /* CoreMotion.framework */ = {isa = PBXFileReference; lastKnownFileType = wrapper.framework; name = CoreMotion.framework; path = System/Library/Frameworks/CoreMotion.framework; sourceTree = SDKROOT; };
		3E2B22C2131BEAF4000D7A8F /* UserProximity.h */ = {isa = PBXFileReference; fileEncoding = 4; lastKnownFileType = sourcecode.c.h; path = UserProximity.h; sourceTree = "<group>"; };
		3E2B22C3131BEAF4000D7A8F /* UserProximity.m */ = {isa = PBXFileReference; fileEncoding = 4; lastKnownFileType = sourcecode.c.objc; path = UserProximity.m; sourceTree = "<group>"; };
		3E2C839F1309311E00B1C6CC /* NSString+MD5Hash.h */ = {isa = PBXFileReference; fileEncoding = 4; lastKnownFileType = sourcecode.c.h; path = "NSString+MD5Hash.h"; sourceTree = "<group>"; };
		3E2C83A01309311E00B1C6CC /* NSString+MD5Hash.m */ = {isa = PBXFileReference; fileEncoding = 4; lastKnownFileType = sourcecode.c.objc; path = "NSString+MD5Hash.m"; sourceTree = "<group>"; };
		3E2C83F6130941B300B1C6CC /* Settings.plist */ = {isa = PBXFileReference; fileEncoding = 4; lastKnownFileType = text.plist.xml; path = Settings.plist; sourceTree = "<group>"; };
		3E2C83F91309445000B1C6CC /* CommonSense.plist */ = {isa = PBXFileReference; fileEncoding = 4; lastKnownFileType = text.plist.xml; path = CommonSense.plist; sourceTree = "<group>"; };
		3E2C85B91309821500B1C6CC /* Sensor.h */ = {isa = PBXFileReference; fileEncoding = 4; lastKnownFileType = sourcecode.c.h; path = Sensor.h; sourceTree = "<group>"; };
		3E2C85BA1309821500B1C6CC /* Sensor.m */ = {isa = PBXFileReference; fileEncoding = 4; lastKnownFileType = sourcecode.c.objc; path = Sensor.m; sourceTree = "<group>"; };
		3E2C86AB130A8CEC00B1C6CC /* SensorStore.h */ = {isa = PBXFileReference; fileEncoding = 4; lastKnownFileType = sourcecode.c.h; path = SensorStore.h; sourceTree = "<group>"; };
		3E2C86AC130A8CEC00B1C6CC /* SensorStore.m */ = {isa = PBXFileReference; fileEncoding = 4; lastKnownFileType = sourcecode.c.objc; path = SensorStore.m; sourceTree = "<group>"; };
		3E2C86F6130A98B400B1C6CC /* LocationSensor.h */ = {isa = PBXFileReference; fileEncoding = 4; lastKnownFileType = sourcecode.c.h; path = LocationSensor.h; sourceTree = "<group>"; };
		3E2C86F7130A98B400B1C6CC /* LocationSensor.m */ = {isa = PBXFileReference; fileEncoding = 4; lastKnownFileType = sourcecode.c.objc; path = LocationSensor.m; sourceTree = "<group>"; };
		3E325B7C1427875900D0E6A8 /* MovingSensor.h */ = {isa = PBXFileReference; fileEncoding = 4; lastKnownFileType = sourcecode.c.h; path = MovingSensor.h; sourceTree = "<group>"; };
		3E325B7D1427875900D0E6A8 /* MovingSensor.m */ = {isa = PBXFileReference; fileEncoding = 4; lastKnownFileType = sourcecode.c.objc; path = MovingSensor.m; sourceTree = "<group>"; };
		3E36DC761460292000C456C3 /* ApplicationStateChange.h */ = {isa = PBXFileReference; fileEncoding = 4; lastKnownFileType = sourcecode.c.h; path = ApplicationStateChange.h; sourceTree = "<group>"; };
		3E36DC771460292100C456C3 /* ApplicationStateChange.m */ = {isa = PBXFileReference; fileEncoding = 4; lastKnownFileType = sourcecode.c.objc; path = ApplicationStateChange.m; sourceTree = "<group>"; };
		3E562A4F135D9A6D00B54448 /* CallSensor.h */ = {isa = PBXFileReference; fileEncoding = 4; lastKnownFileType = sourcecode.c.h; path = CallSensor.h; sourceTree = "<group>"; };
		3E562A50135D9A6D00B54448 /* CallSensor.m */ = {isa = PBXFileReference; fileEncoding = 4; lastKnownFileType = sourcecode.c.objc; path = CallSensor.m; sourceTree = "<group>"; };
		3E562A65135D9DA800B54448 /* CoreTelephony.framework */ = {isa = PBXFileReference; lastKnownFileType = wrapper.framework; name = CoreTelephony.framework; path = System/Library/Frameworks/CoreTelephony.framework; sourceTree = SDKROOT; };
		3E562B11135F26B200B54448 /* Entitlements.plist */ = {isa = PBXFileReference; fileEncoding = 4; lastKnownFileType = text.plist.xml; path = Entitlements.plist; sourceTree = "<group>"; };
		3E5D41C7136957640057D124 /* AccelerationSensor.h */ = {isa = PBXFileReference; fileEncoding = 4; lastKnownFileType = sourcecode.c.h; path = AccelerationSensor.h; sourceTree = "<group>"; };
		3E5D41C8136957640057D124 /* AccelerationSensor.m */ = {isa = PBXFileReference; fileEncoding = 4; lastKnownFileType = sourcecode.c.objc; path = AccelerationSensor.m; sourceTree = "<group>"; };
		3E5D41F3136966BB0057D124 /* RotationSensor.h */ = {isa = PBXFileReference; fileEncoding = 4; lastKnownFileType = sourcecode.c.h; path = RotationSensor.h; sourceTree = "<group>"; };
		3E5D41F4136966BB0057D124 /* RotationSensor.m */ = {isa = PBXFileReference; fileEncoding = 4; lastKnownFileType = sourcecode.c.objc; path = RotationSensor.m; sourceTree = "<group>"; };
		3E5D4251136ADD850057D124 /* ConnectionSensor.h */ = {isa = PBXFileReference; fileEncoding = 4; lastKnownFileType = sourcecode.c.h; path = ConnectionSensor.h; sourceTree = "<group>"; };
		3E5D4252136ADD850057D124 /* ConnectionSensor.m */ = {isa = PBXFileReference; fileEncoding = 4; lastKnownFileType = sourcecode.c.objc; path = ConnectionSensor.m; sourceTree = "<group>"; };
		3E5D425B136AE0EC0057D124 /* Reachability.h */ = {isa = PBXFileReference; fileEncoding = 4; lastKnownFileType = sourcecode.c.h; path = Reachability.h; sourceTree = "<group>"; };
		3E5D425C136AE0EC0057D124 /* Reachability.m */ = {isa = PBXFileReference; fileEncoding = 4; lastKnownFileType = sourcecode.c.objc; path = Reachability.m; sourceTree = "<group>"; };
		3E5D4286136AE4970057D124 /* SystemConfiguration.framework */ = {isa = PBXFileReference; lastKnownFileType = wrapper.framework; name = SystemConfiguration.framework; path = System/Library/Frameworks/SystemConfiguration.framework; sourceTree = SDKROOT; };
		3E670BDA13F16909008BCB99 /* SampleStrategy.h */ = {isa = PBXFileReference; fileEncoding = 4; lastKnownFileType = sourcecode.c.h; path = SampleStrategy.h; sourceTree = "<group>"; };
		3E670BDB13F16909008BCB99 /* SampleStrategy.m */ = {isa = PBXFileReference; fileEncoding = 4; lastKnownFileType = sourcecode.c.objc; path = SampleStrategy.m; sourceTree = "<group>"; };
		3E7DC1B01305430C00B28337 /* Sender.h */ = {isa = PBXFileReference; fileEncoding = 4; lastKnownFileType = sourcecode.c.h; path = Sender.h; sourceTree = "<group>"; };
		3E7DC1B11305430C00B28337 /* Sender.m */ = {isa = PBXFileReference; fileEncoding = 4; lastKnownFileType = sourcecode.c.objc; path = Sender.m; sourceTree = "<group>"; };
		3E7DC20513054E8400B28337 /* JSON.h */ = {isa = PBXFileReference; fileEncoding = 4; lastKnownFileType = sourcecode.c.h; path = JSON.h; sourceTree = "<group>"; };
		3E7DC20613054E8400B28337 /* NSObject+SBJSON.h */ = {isa = PBXFileReference; fileEncoding = 4; lastKnownFileType = sourcecode.c.h; path = "NSObject+SBJSON.h"; sourceTree = "<group>"; };
		3E7DC20713054E8400B28337 /* NSObject+SBJSON.m */ = {isa = PBXFileReference; fileEncoding = 4; lastKnownFileType = sourcecode.c.objc; path = "NSObject+SBJSON.m"; sourceTree = "<group>"; };
		3E7DC20813054E8400B28337 /* NSString+SBJSON.h */ = {isa = PBXFileReference; fileEncoding = 4; lastKnownFileType = sourcecode.c.h; path = "NSString+SBJSON.h"; sourceTree = "<group>"; };
		3E7DC20913054E8400B28337 /* NSString+SBJSON.m */ = {isa = PBXFileReference; fileEncoding = 4; lastKnownFileType = sourcecode.c.objc; path = "NSString+SBJSON.m"; sourceTree = "<group>"; };
		3E7DC20A13054E8400B28337 /* SBJsonBase.h */ = {isa = PBXFileReference; fileEncoding = 4; lastKnownFileType = sourcecode.c.h; path = SBJsonBase.h; sourceTree = "<group>"; };
		3E7DC20B13054E8400B28337 /* SBJsonBase.m */ = {isa = PBXFileReference; fileEncoding = 4; lastKnownFileType = sourcecode.c.objc; path = SBJsonBase.m; sourceTree = "<group>"; };
		3E7DC20C13054E8400B28337 /* SBJsonParser.h */ = {isa = PBXFileReference; fileEncoding = 4; lastKnownFileType = sourcecode.c.h; path = SBJsonParser.h; sourceTree = "<group>"; };
		3E7DC20D13054E8400B28337 /* SBJsonParser.m */ = {isa = PBXFileReference; fileEncoding = 4; lastKnownFileType = sourcecode.c.objc; path = SBJsonParser.m; sourceTree = "<group>"; };
		3E7DC20E13054E8400B28337 /* SBJsonWriter.h */ = {isa = PBXFileReference; fileEncoding = 4; lastKnownFileType = sourcecode.c.h; path = SBJsonWriter.h; sourceTree = "<group>"; };
		3E7DC20F13054E8400B28337 /* SBJsonWriter.m */ = {isa = PBXFileReference; fileEncoding = 4; lastKnownFileType = sourcecode.c.objc; path = SBJsonWriter.m; sourceTree = "<group>"; };
		3EA387B4133C9FB7007E0309 /* SpatialProvider.h */ = {isa = PBXFileReference; fileEncoding = 4; lastKnownFileType = sourcecode.c.h; path = SpatialProvider.h; sourceTree = "<group>"; };
		3EA387B5133C9FB7007E0309 /* SpatialProvider.m */ = {isa = PBXFileReference; fileEncoding = 4; lastKnownFileType = sourcecode.c.objc; path = SpatialProvider.m; sourceTree = "<group>"; };
		3EA38805133CAA28007E0309 /* AccelerometerSensor.h */ = {isa = PBXFileReference; fileEncoding = 4; lastKnownFileType = sourcecode.c.h; path = AccelerometerSensor.h; sourceTree = "<group>"; };
		3EA38806133CAA28007E0309 /* AccelerometerSensor.m */ = {isa = PBXFileReference; fileEncoding = 4; lastKnownFileType = sourcecode.c.objc; path = AccelerometerSensor.m; sourceTree = "<group>"; };
		3EA6225E137AC237007F60D2 /* EntitlementsDebug.plist */ = {isa = PBXFileReference; fileEncoding = 4; lastKnownFileType = text.plist.xml; path = EntitlementsDebug.plist; sourceTree = "<group>"; };
		3EA622BD137AD8C5007F60D2 /* PickerTable.h */ = {isa = PBXFileReference; fileEncoding = 4; lastKnownFileType = sourcecode.c.h; path = PickerTable.h; sourceTree = "<group>"; };
		3EA622BE137AD8C5007F60D2 /* PickerTable.m */ = {isa = PBXFileReference; fileEncoding = 4; lastKnownFileType = sourcecode.c.objc; path = PickerTable.m; sourceTree = "<group>"; };
		3EA62380137BFF90007F60D2 /* Preferences.h */ = {isa = PBXFileReference; fileEncoding = 4; lastKnownFileType = sourcecode.c.h; path = Preferences.h; sourceTree = "<group>"; };
		3EA62381137BFF90007F60D2 /* Preferences.m */ = {isa = PBXFileReference; fileEncoding = 4; lastKnownFileType = sourcecode.c.objc; path = Preferences.m; sourceTree = "<group>"; };
		3EA626CC13812A3B007F60D2 /* icon@2x.png */ = {isa = PBXFileReference; lastKnownFileType = image.png; path = "icon@2x.png"; sourceTree = "<group>"; };
		3EA626E913814A5F007F60D2 /* Default.png */ = {isa = PBXFileReference; lastKnownFileType = image.png; path = Default.png; sourceTree = "<group>"; };
		3EA6278A1381664C007F60D2 /* Default@2x.png */ = {isa = PBXFileReference; lastKnownFileType = image.png; path = "Default@2x.png"; sourceTree = "<group>"; };
		3EA6281813840A80007F60D2 /* PreferencesSensor.h */ = {isa = PBXFileReference; fileEncoding = 4; lastKnownFileType = sourcecode.c.h; path = PreferencesSensor.h; sourceTree = "<group>"; };
		3EA6281913840A80007F60D2 /* PreferencesSensor.m */ = {isa = PBXFileReference; fileEncoding = 4; lastKnownFileType = sourcecode.c.objc; path = PreferencesSensor.m; sourceTree = "<group>"; };
		3EA62862138BF185007F60D2 /* MiscSensor.h */ = {isa = PBXFileReference; fileEncoding = 4; lastKnownFileType = sourcecode.c.h; path = MiscSensor.h; sourceTree = "<group>"; };
		3EA62863138BF185007F60D2 /* MiscSensor.m */ = {isa = PBXFileReference; fileEncoding = 4; lastKnownFileType = sourcecode.c.objc; path = MiscSensor.m; sourceTree = "<group>"; };
		3EAE90C81356E94100E79918 /* AudioToolbox.framework */ = {isa = PBXFileReference; lastKnownFileType = wrapper.framework; name = AudioToolbox.framework; path = System/Library/Frameworks/AudioToolbox.framework; sourceTree = SDKROOT; };
		3EB958A4131812C70043AE17 /* BatterySensor.h */ = {isa = PBXFileReference; fileEncoding = 4; lastKnownFileType = sourcecode.c.h; path = BatterySensor.h; sourceTree = "<group>"; };
		3EB958A5131812C70043AE17 /* BatterySensor.m */ = {isa = PBXFileReference; fileEncoding = 4; lastKnownFileType = sourcecode.c.objc; path = BatterySensor.m; sourceTree = "<group>"; };
		3EB958A6131812C70043AE17 /* CompassSensor.h */ = {isa = PBXFileReference; fileEncoding = 4; lastKnownFileType = sourcecode.c.h; path = CompassSensor.h; sourceTree = "<group>"; };
		3EB958A7131812C70043AE17 /* CompassSensor.m */ = {isa = PBXFileReference; fileEncoding = 4; lastKnownFileType = sourcecode.c.objc; path = CompassSensor.m; sourceTree = "<group>"; };
		3EBA192F130AE7F000C5B924 /* CoreLocation.framework */ = {isa = PBXFileReference; lastKnownFileType = wrapper.framework; name = CoreLocation.framework; path = System/Library/Frameworks/CoreLocation.framework; sourceTree = SDKROOT; };
		3EBA196A130BD0B800C5B924 /* DataStore.h */ = {isa = PBXFileReference; fileEncoding = 4; lastKnownFileType = sourcecode.c.h; path = DataStore.h; sourceTree = "<group>"; };
		3EBA1C7D130C2FC600C5B924 /* SettingsViewController.h */ = {isa = PBXFileReference; fileEncoding = 4; lastKnownFileType = sourcecode.c.h; path = SettingsViewController.h; sourceTree = "<group>"; };
		3EBA1C7E130C2FC600C5B924 /* SettingsViewController.m */ = {isa = PBXFileReference; fileEncoding = 4; lastKnownFileType = sourcecode.c.objc; path = SettingsViewController.m; sourceTree = "<group>"; };
		3EBA2034130D731700C5B924 /* LoginSettings.h */ = {isa = PBXFileReference; fileEncoding = 4; lastKnownFileType = sourcecode.c.h; path = LoginSettings.h; sourceTree = "<group>"; };
		3EBA2035130D731700C5B924 /* LoginSettings.m */ = {isa = PBXFileReference; fileEncoding = 4; lastKnownFileType = sourcecode.c.objc; path = LoginSettings.m; sourceTree = "<group>"; };
		3EBA2036130D731700C5B924 /* LoginSettings.xib */ = {isa = PBXFileReference; lastKnownFileType = file.xib; path = LoginSettings.xib; sourceTree = "<group>"; };
		3EBA22A3130E8C2700C5B924 /* Settings.h */ = {isa = PBXFileReference; fileEncoding = 4; lastKnownFileType = sourcecode.c.h; name = Settings.h; path = ../Settings.h; sourceTree = "<group>"; };
		3EBA22A4130E8C2700C5B924 /* Settings.m */ = {isa = PBXFileReference; fileEncoding = 4; lastKnownFileType = sourcecode.c.objc; name = Settings.m; path = ../Settings.m; sourceTree = "<group>"; };
		3EC5AAA413C7407400CDACED /* MainWindow-iPad.xib */ = {isa = PBXFileReference; lastKnownFileType = file.xib; name = "MainWindow-iPad.xib"; path = "iPad/MainWindow-iPad.xib"; sourceTree = "<group>"; };
		3EDB0B1C13153A3500936309 /* WebViewController.h */ = {isa = PBXFileReference; fileEncoding = 4; lastKnownFileType = sourcecode.c.h; path = WebViewController.h; sourceTree = "<group>"; };
		3EDB0B1D13153A3500936309 /* WebViewController.m */ = {isa = PBXFileReference; fileEncoding = 4; lastKnownFileType = sourcecode.c.objc; path = WebViewController.m; sourceTree = "<group>"; };
		3EE0F772131D004500DE2609 /* AVFoundation.framework */ = {isa = PBXFileReference; lastKnownFileType = wrapper.framework; name = AVFoundation.framework; path = System/Library/Frameworks/AVFoundation.framework; sourceTree = SDKROOT; };
		3EE0F95E131E75EA00DE2609 /* CoreAudio.framework */ = {isa = PBXFileReference; lastKnownFileType = wrapper.framework; name = CoreAudio.framework; path = System/Library/Frameworks/CoreAudio.framework; sourceTree = SDKROOT; };
		3EE0F9D5131E963000DE2609 /* icon.png */ = {isa = PBXFileReference; lastKnownFileType = image.png; path = icon.png; sourceTree = "<group>"; };
		3EE0F9FA131E9DA900DE2609 /* CoreMedia.framework */ = {isa = PBXFileReference; lastKnownFileType = wrapper.framework; name = CoreMedia.framework; path = System/Library/Frameworks/CoreMedia.framework; sourceTree = SDKROOT; };
		3EE3C75C131CE4BA00541744 /* OrientationStateSensor.h */ = {isa = PBXFileReference; fileEncoding = 4; lastKnownFileType = sourcecode.c.h; path = OrientationStateSensor.h; sourceTree = "<group>"; };
		3EE3C75D131CE4BA00541744 /* OrientationStateSensor.m */ = {isa = PBXFileReference; fileEncoding = 4; lastKnownFileType = sourcecode.c.objc; path = OrientationStateSensor.m; sourceTree = "<group>"; };
		3EE3C791131CFBEE00541744 /* NoiseSensor.h */ = {isa = PBXFileReference; fileEncoding = 4; lastKnownFileType = sourcecode.c.h; path = NoiseSensor.h; sourceTree = "<group>"; };
		3EE3C792131CFBEE00541744 /* NoiseSensor.m */ = {isa = PBXFileReference; fileEncoding = 4; lastKnownFileType = sourcecode.c.objc; path = NoiseSensor.m; sourceTree = "<group>"; };
		8D1107310486CEB800E47090 /* sensePlatform-Info.plist */ = {isa = PBXFileReference; fileEncoding = 4; lastKnownFileType = text.plist.xml; path = "sensePlatform-Info.plist"; plistStructureDefinitionIdentifier = "com.apple.xcode.plist.structure-definition.iphone.info-plist"; sourceTree = "<group>"; };
/* End PBXFileReference section */

/* Begin PBXFrameworksBuildPhase section */
		1D60588F0D05DD3D006BFB54 /* Frameworks */ = {
			isa = PBXFrameworksBuildPhase;
			buildActionMask = 2147483647;
			files = (
				1D60589F0D05DD5A006BFB54 /* Foundation.framework in Frameworks */,
				1DF5F4E00D08C38300B7A737 /* UIKit.framework in Frameworks */,
				288765FD0DF74451002DB57D /* CoreGraphics.framework in Frameworks */,
				3EBA1930130AE7F000C5B924 /* CoreLocation.framework in Frameworks */,
				3E2B217E131B9648000D7A8F /* CoreMotion.framework in Frameworks */,
				3EE0F773131D004500DE2609 /* AVFoundation.framework in Frameworks */,
				3EE0F95F131E75EA00DE2609 /* CoreAudio.framework in Frameworks */,
				3EE0F9FB131E9DA900DE2609 /* CoreMedia.framework in Frameworks */,
				3EAE90C91356E94100E79918 /* AudioToolbox.framework in Frameworks */,
				3E562A66135D9DA800B54448 /* CoreTelephony.framework in Frameworks */,
				3E5D4287136AE4970057D124 /* SystemConfiguration.framework in Frameworks */,
			);
			runOnlyForDeploymentPostprocessing = 0;
		};
/* End PBXFrameworksBuildPhase section */

/* Begin PBXGroup section */
		080E96DDFE201D6D7F000001 /* Classes */ = {
			isa = PBXGroup;
			children = (
				3EBA18A0130ADB6C00C5B924 /* communication */,
				3EBA1895130ADB2200C5B924 /* gui */,
				3EBA1894130ADAF700C5B924 /* sensors */,
				1D3623240D0F684500981E51 /* senseLocationAppAppDelegate.h */,
				1D3623250D0F684500981E51 /* senseLocationAppAppDelegate.m */,
				3E2C86AB130A8CEC00B1C6CC /* SensorStore.h */,
				3E2C86AC130A8CEC00B1C6CC /* SensorStore.m */,
				3E670BDA13F16909008BCB99 /* SampleStrategy.h */,
				3E670BDB13F16909008BCB99 /* SampleStrategy.m */,
				3EBA22A3130E8C2700C5B924 /* Settings.h */,
				3EBA22A4130E8C2700C5B924 /* Settings.m */,
				3E36DC761460292000C456C3 /* ApplicationStateChange.h */,
				3E36DC771460292100C456C3 /* ApplicationStateChange.m */,
			);
			path = Classes;
			sourceTree = "<group>";
		};
		19C28FACFE9D520D11CA2CBB /* Products */ = {
			isa = PBXGroup;
			children = (
				1D6058910D05DD3D006BFB54 /* sensePlatform.app */,
			);
			name = Products;
			sourceTree = "<group>";
		};
		29B97314FDCFA39411CA2CEA /* CustomTemplate */ = {
			isa = PBXGroup;
			children = (
				3E7DC1FD13054E6600B28337 /* Json */,
				080E96DDFE201D6D7F000001 /* Classes */,
				29B97315FDCFA39411CA2CEA /* Other Sources */,
				29B97317FDCFA39411CA2CEA /* Resources */,
				3EC5AAA313C7406E00CDACED /* iPad */,
				29B97323FDCFA39411CA2CEA /* Frameworks */,
				19C28FACFE9D520D11CA2CBB /* Products */,
			);
			name = CustomTemplate;
			sourceTree = "<group>";
		};
		29B97315FDCFA39411CA2CEA /* Other Sources */ = {
			isa = PBXGroup;
			children = (
				32CA4F630368D1EE00C91783 /* sensePlatform_Prefix.pch */,
				29B97316FDCFA39411CA2CEA /* main.m */,
			);
			name = "Other Sources";
			sourceTree = "<group>";
		};
		29B97317FDCFA39411CA2CEA /* Resources */ = {
			isa = PBXGroup;
			children = (
				3EA626E913814A5F007F60D2 /* Default.png */,
				3EA6278A1381664C007F60D2 /* Default@2x.png */,
				3EA6225E137AC237007F60D2 /* EntitlementsDebug.plist */,
				3E562B11135F26B200B54448 /* Entitlements.plist */,
				3EE0F9D5131E963000DE2609 /* icon.png */,
				28AD733E0D9D9553002E5188 /* MainWindow.xib */,
				3EA626CC13812A3B007F60D2 /* icon@2x.png */,
				8D1107310486CEB800E47090 /* sensePlatform-Info.plist */,
				3E2C83F6130941B300B1C6CC /* Settings.plist */,
				3E2C83F91309445000B1C6CC /* CommonSense.plist */,
			);
			name = Resources;
			sourceTree = "<group>";
		};
		29B97323FDCFA39411CA2CEA /* Frameworks */ = {
			isa = PBXGroup;
			children = (
				1DF5F4DF0D08C38300B7A737 /* UIKit.framework */,
				1D30AB110D05D00D00671497 /* Foundation.framework */,
				288765FC0DF74451002DB57D /* CoreGraphics.framework */,
				3EBA192F130AE7F000C5B924 /* CoreLocation.framework */,
				3E2B217D131B9648000D7A8F /* CoreMotion.framework */,
				3EE0F772131D004500DE2609 /* AVFoundation.framework */,
				3EE0F95E131E75EA00DE2609 /* CoreAudio.framework */,
				3EE0F9FA131E9DA900DE2609 /* CoreMedia.framework */,
				3EAE90C81356E94100E79918 /* AudioToolbox.framework */,
				3E562A65135D9DA800B54448 /* CoreTelephony.framework */,
				3E5D4286136AE4970057D124 /* SystemConfiguration.framework */,
			);
			name = Frameworks;
			sourceTree = "<group>";
		};
		3E26296314C9EBDE002E3851 /* feedback */ = {
			isa = PBXGroup;
			children = (
				3E26296414C9EC29002E3851 /* ActivityFeedback.h */,
				3E26296514C9EC29002E3851 /* ActivityFeedback.m */,
				3E26296714C9EE1E002E3851 /* Activity.h */,
				3E26296814C9EE1E002E3851 /* Activity.m */,
			);
			name = feedback;
			sourceTree = "<group>";
		};
		3E7DC1FD13054E6600B28337 /* Json */ = {
			isa = PBXGroup;
			children = (
				3E7DC20513054E8400B28337 /* JSON.h */,
				3E7DC20613054E8400B28337 /* NSObject+SBJSON.h */,
				3E7DC20713054E8400B28337 /* NSObject+SBJSON.m */,
				3E7DC20813054E8400B28337 /* NSString+SBJSON.h */,
				3E7DC20913054E8400B28337 /* NSString+SBJSON.m */,
				3E7DC20A13054E8400B28337 /* SBJsonBase.h */,
				3E7DC20B13054E8400B28337 /* SBJsonBase.m */,
				3E7DC20C13054E8400B28337 /* SBJsonParser.h */,
				3E7DC20D13054E8400B28337 /* SBJsonParser.m */,
				3E7DC20E13054E8400B28337 /* SBJsonWriter.h */,
				3E7DC20F13054E8400B28337 /* SBJsonWriter.m */,
			);
			name = Json;
			sourceTree = "<group>";
		};
		3EA387B1133C9EDF007E0309 /* spatial */ = {
			isa = PBXGroup;
			children = (
				3E5D41F3136966BB0057D124 /* RotationSensor.h */,
				3E5D41F4136966BB0057D124 /* RotationSensor.m */,
				3EB958A6131812C70043AE17 /* CompassSensor.h */,
				3EB958A7131812C70043AE17 /* CompassSensor.m */,
				3E2B216E131B9483000D7A8F /* OrientationSensor.h */,
				3E2B216F131B9483000D7A8F /* OrientationSensor.m */,
				3EA38805133CAA28007E0309 /* AccelerometerSensor.h */,
				3EA38806133CAA28007E0309 /* AccelerometerSensor.m */,
				3EA387B4133C9FB7007E0309 /* SpatialProvider.h */,
				3EA387B5133C9FB7007E0309 /* SpatialProvider.m */,
				3E5D41C7136957640057D124 /* AccelerationSensor.h */,
				3E5D41C8136957640057D124 /* AccelerationSensor.m */,
				3E325B7C1427875900D0E6A8 /* MovingSensor.h */,
				3E325B7D1427875900D0E6A8 /* MovingSensor.m */,
			);
			name = spatial;
			sourceTree = "<group>";
		};
		3EA387B2133C9F2C007E0309 /* device state */ = {
			isa = PBXGroup;
			children = (
				3EE3C75C131CE4BA00541744 /* OrientationStateSensor.h */,
				3EE3C75D131CE4BA00541744 /* OrientationStateSensor.m */,
				3EB958A4131812C70043AE17 /* BatterySensor.h */,
				3EB958A5131812C70043AE17 /* BatterySensor.m */,
				3E2B22C2131BEAF4000D7A8F /* UserProximity.h */,
				3E2B22C3131BEAF4000D7A8F /* UserProximity.m */,
				3EA62862138BF185007F60D2 /* MiscSensor.h */,
				3EA62863138BF185007F60D2 /* MiscSensor.m */,
				3E562A4F135D9A6D00B54448 /* CallSensor.h */,
				3E562A50135D9A6D00B54448 /* CallSensor.m */,
				3E5D4251136ADD850057D124 /* ConnectionSensor.h */,
				3E5D4252136ADD850057D124 /* ConnectionSensor.m */,
				3E5D425B136AE0EC0057D124 /* Reachability.h */,
				3E5D425C136AE0EC0057D124 /* Reachability.m */,
			);
			name = "device state";
			sourceTree = "<group>";
		};
		3EA387B3133C9F41007E0309 /* ambient */ = {
			isa = PBXGroup;
			children = (
				3EE3C791131CFBEE00541744 /* NoiseSensor.h */,
				3EE3C792131CFBEE00541744 /* NoiseSensor.m */,
			);
			name = ambient;
			sourceTree = "<group>";
		};
		3EBA1894130ADAF700C5B924 /* sensors */ = {
			isa = PBXGroup;
			children = (
				3E26296314C9EBDE002E3851 /* feedback */,
				3E2C85B91309821500B1C6CC /* Sensor.h */,
				3E2C85BA1309821500B1C6CC /* Sensor.m */,
				3EA387B3133C9F41007E0309 /* ambient */,
				3EA387B2133C9F2C007E0309 /* device state */,
				3EA387B1133C9EDF007E0309 /* spatial */,
				3EBA196A130BD0B800C5B924 /* DataStore.h */,
				3E2C86F6130A98B400B1C6CC /* LocationSensor.h */,
				3E2C86F7130A98B400B1C6CC /* LocationSensor.m */,
				3EA6281813840A80007F60D2 /* PreferencesSensor.h */,
				3EA6281913840A80007F60D2 /* PreferencesSensor.m */,
			);
			name = sensors;
			sourceTree = "<group>";
		};
		3EBA1895130ADB2200C5B924 /* gui */ = {
			isa = PBXGroup;
			children = (
				3EA62380137BFF90007F60D2 /* Preferences.h */,
				3EA62381137BFF90007F60D2 /* Preferences.m */,
				3EA622BD137AD8C5007F60D2 /* PickerTable.h */,
				3EA622BE137AD8C5007F60D2 /* PickerTable.m */,
				3EBA1C7D130C2FC600C5B924 /* SettingsViewController.h */,
				3EBA1C7E130C2FC600C5B924 /* SettingsViewController.m */,
				3EDB0B1C13153A3500936309 /* WebViewController.h */,
				3EDB0B1D13153A3500936309 /* WebViewController.m */,
				3EBA2034130D731700C5B924 /* LoginSettings.h */,
				3EBA2035130D731700C5B924 /* LoginSettings.m */,
				3EBA2036130D731700C5B924 /* LoginSettings.xib */,
				3E26295E14C9CFF6002E3851 /* ActivityFeedbackController.h */,
				3E26295F14C9CFF6002E3851 /* ActivityFeedbackController.m */,
				3E26296014C9CFF6002E3851 /* ActivityFeedbackController.xib */,
			);
			name = gui;
			sourceTree = "<group>";
		};
		3EBA18A0130ADB6C00C5B924 /* communication */ = {
			isa = PBXGroup;
			children = (
				3E7DC1B01305430C00B28337 /* Sender.h */,
				3E7DC1B11305430C00B28337 /* Sender.m */,
				3E2C839F1309311E00B1C6CC /* NSString+MD5Hash.h */,
				3E2C83A01309311E00B1C6CC /* NSString+MD5Hash.m */,
			);
			name = communication;
			sourceTree = "<group>";
		};
		3EC5AAA313C7406E00CDACED /* iPad */ = {
			isa = PBXGroup;
			children = (
				3EC5AAA413C7407400CDACED /* MainWindow-iPad.xib */,
			);
			name = iPad;
			sourceTree = "<group>";
		};
/* End PBXGroup section */

/* Begin PBXNativeTarget section */
		1D6058900D05DD3D006BFB54 /* sensePlatform */ = {
			isa = PBXNativeTarget;
			buildConfigurationList = 1D6058960D05DD3E006BFB54 /* Build configuration list for PBXNativeTarget "sensePlatform" */;
			buildPhases = (
				1D60588D0D05DD3D006BFB54 /* Resources */,
				1D60588E0D05DD3D006BFB54 /* Sources */,
				1D60588F0D05DD3D006BFB54 /* Frameworks */,
			);
			buildRules = (
			);
			dependencies = (
			);
			name = sensePlatform;
			productName = senseLocationApp;
			productReference = 1D6058910D05DD3D006BFB54 /* sensePlatform.app */;
			productType = "com.apple.product-type.application";
		};
/* End PBXNativeTarget section */

/* Begin PBXProject section */
		29B97313FDCFA39411CA2CEA /* Project object */ = {
			isa = PBXProject;
			attributes = {
				LastUpgradeCheck = 0420;
				ORGANIZATIONNAME = "Almende B.V.";
			};
			buildConfigurationList = C01FCF4E08A954540054247B /* Build configuration list for PBXProject "sensePlatform" */;
			compatibilityVersion = "Xcode 3.2";
			developmentRegion = English;
			hasScannedForEncodings = 1;
			knownRegions = (
				English,
				Japanese,
				French,
				German,
			);
			mainGroup = 29B97314FDCFA39411CA2CEA /* CustomTemplate */;
			projectDirPath = "";
			projectRoot = "";
			targets = (
				1D6058900D05DD3D006BFB54 /* sensePlatform */,
			);
		};
/* End PBXProject section */

/* Begin PBXResourcesBuildPhase section */
		1D60588D0D05DD3D006BFB54 /* Resources */ = {
			isa = PBXResourcesBuildPhase;
			buildActionMask = 2147483647;
			files = (
				28AD733F0D9D9553002E5188 /* MainWindow.xib in Resources */,
				3E2C83F7130941B300B1C6CC /* Settings.plist in Resources */,
				3E2C83FA1309445000B1C6CC /* CommonSense.plist in Resources */,
				3EBA2038130D731700C5B924 /* LoginSettings.xib in Resources */,
				3EE0F9D6131E963000DE2609 /* icon.png in Resources */,
				3EA6225F137AC237007F60D2 /* EntitlementsDebug.plist in Resources */,
				3EA626CD13812A3B007F60D2 /* icon@2x.png in Resources */,
				3EA626EA13814A5F007F60D2 /* Default.png in Resources */,
				3EA6278B1381664C007F60D2 /* Default@2x.png in Resources */,
				3EC5AAA513C7407400CDACED /* MainWindow-iPad.xib in Resources */,
				3E26296214C9CFF6002E3851 /* ActivityFeedbackController.xib in Resources */,
			);
			runOnlyForDeploymentPostprocessing = 0;
		};
/* End PBXResourcesBuildPhase section */

/* Begin PBXSourcesBuildPhase section */
		1D60588E0D05DD3D006BFB54 /* Sources */ = {
			isa = PBXSourcesBuildPhase;
			buildActionMask = 2147483647;
			files = (
				1D60589B0D05DD56006BFB54 /* main.m in Sources */,
				1D3623260D0F684500981E51 /* senseLocationAppAppDelegate.m in Sources */,
				3E7DC1B21305430C00B28337 /* Sender.m in Sources */,
				3E7DC21013054E8400B28337 /* NSObject+SBJSON.m in Sources */,
				3E7DC21113054E8400B28337 /* NSString+SBJSON.m in Sources */,
				3E7DC21213054E8400B28337 /* SBJsonBase.m in Sources */,
				3E7DC21313054E8400B28337 /* SBJsonParser.m in Sources */,
				3E7DC21413054E8400B28337 /* SBJsonWriter.m in Sources */,
				3E2C83A11309311E00B1C6CC /* NSString+MD5Hash.m in Sources */,
				3E2C85BB1309821500B1C6CC /* Sensor.m in Sources */,
				3E2C86AD130A8CEC00B1C6CC /* SensorStore.m in Sources */,
				3E2C86F8130A98B400B1C6CC /* LocationSensor.m in Sources */,
				3EBA1C80130C2FC600C5B924 /* SettingsViewController.m in Sources */,
				3EBA2037130D731700C5B924 /* LoginSettings.m in Sources */,
				3EBA22A5130E8C2700C5B924 /* Settings.m in Sources */,
				3EDB0B1E13153A3500936309 /* WebViewController.m in Sources */,
				3EB958A8131812C70043AE17 /* BatterySensor.m in Sources */,
				3EB958A9131812C70043AE17 /* CompassSensor.m in Sources */,
				3E2B2170131B9483000D7A8F /* OrientationSensor.m in Sources */,
				3E2B22C4131BEAF4000D7A8F /* UserProximity.m in Sources */,
				3EE3C75E131CE4BA00541744 /* OrientationStateSensor.m in Sources */,
				3EE3C793131CFBEE00541744 /* NoiseSensor.m in Sources */,
				3EA387B6133C9FB7007E0309 /* SpatialProvider.m in Sources */,
				3EA38807133CAA28007E0309 /* AccelerometerSensor.m in Sources */,
				3E562A51135D9A6D00B54448 /* CallSensor.m in Sources */,
				3E5D41C9136957640057D124 /* AccelerationSensor.m in Sources */,
				3E5D41F5136966BB0057D124 /* RotationSensor.m in Sources */,
				3E5D4253136ADD850057D124 /* ConnectionSensor.m in Sources */,
				3E5D425D136AE0EC0057D124 /* Reachability.m in Sources */,
				3EA622BF137AD8C5007F60D2 /* PickerTable.m in Sources */,
				3EA62382137BFF90007F60D2 /* Preferences.m in Sources */,
				3EA6281A13840A80007F60D2 /* PreferencesSensor.m in Sources */,
				3EA62864138BF185007F60D2 /* MiscSensor.m in Sources */,
				3E670BDC13F16909008BCB99 /* SampleStrategy.m in Sources */,
				3E325B7E1427875900D0E6A8 /* MovingSensor.m in Sources */,
				3E36DC781460292200C456C3 /* ApplicationStateChange.m in Sources */,
				3E26296114C9CFF6002E3851 /* ActivityFeedbackController.m in Sources */,
				3E26296614C9EC29002E3851 /* ActivityFeedback.m in Sources */,
				3E26296914C9EE1E002E3851 /* Activity.m in Sources */,
			);
			runOnlyForDeploymentPostprocessing = 0;
		};
/* End PBXSourcesBuildPhase section */

/* Begin XCBuildConfiguration section */
		1D6058940D05DD3E006BFB54 /* Debug */ = {
			isa = XCBuildConfiguration;
			buildSettings = {
				ALWAYS_SEARCH_USER_PATHS = NO;
				ARCHS = (
					armv7,
					armv6,
				);
				CLANG_ENABLE_OBJC_ARC = YES;
				CODE_SIGN_ENTITLEMENTS = EntitlementsDebug.plist;
				COPY_PHASE_STRIP = NO;
				GCC_CHECK_RETURN_VALUE_OF_OPERATOR_NEW = YES;
				GCC_DYNAMIC_NO_PIC = NO;
				GCC_OPTIMIZATION_LEVEL = 2;
				GCC_PRECOMPILE_PREFIX_HEADER = YES;
				GCC_PREFIX_HEADER = sensePlatform_Prefix.pch;
				GCC_VERSION = com.apple.compilers.llvm.clang.1_0;
				GCC_WARN_64_TO_32_BIT_CONVERSION = NO;
				GCC_WARN_ABOUT_MISSING_FIELD_INITIALIZERS = YES;
				GCC_WARN_INITIALIZER_NOT_FULLY_BRACKETED = YES;
				GCC_WARN_UNUSED_FUNCTION = NO;
				GCC_WARN_UNUSED_LABEL = YES;
				GCC_WARN_UNUSED_PARAMETER = NO;
				INFOPLIST_FILE = "sensePlatform-Info.plist";
				IPHONEOS_DEPLOYMENT_TARGET = 4.0;
				PRODUCT_NAME = sensePlatform;
				STRIP_INSTALLED_PRODUCT = YES;
				TARGETED_DEVICE_FAMILY = 1;
			};
			name = Debug;
		};
		1D6058950D05DD3E006BFB54 /* Release */ = {
			isa = XCBuildConfiguration;
			buildSettings = {
				ALWAYS_SEARCH_USER_PATHS = NO;
				ARCHS = (
					armv7,
					armv6,
				);
				CLANG_ENABLE_OBJC_ARC = YES;
				CODE_SIGN_ENTITLEMENTS = Entitlements;
				COPY_PHASE_STRIP = YES;
				GCC_CHECK_RETURN_VALUE_OF_OPERATOR_NEW = YES;
				GCC_OPTIMIZATION_LEVEL = 2;
				GCC_PRECOMPILE_PREFIX_HEADER = YES;
				GCC_PREFIX_HEADER = sensePlatform_Prefix.pch;
				GCC_VERSION = com.apple.compilers.llvm.clang.1_0;
				GCC_WARN_64_TO_32_BIT_CONVERSION = NO;
				GCC_WARN_ABOUT_MISSING_FIELD_INITIALIZERS = YES;
				GCC_WARN_INITIALIZER_NOT_FULLY_BRACKETED = YES;
				GCC_WARN_UNUSED_FUNCTION = NO;
				GCC_WARN_UNUSED_LABEL = YES;
				GCC_WARN_UNUSED_PARAMETER = NO;
				INFOPLIST_FILE = "sensePlatform-Info.plist";
				IPHONEOS_DEPLOYMENT_TARGET = 4.0;
				PRODUCT_NAME = sensePlatform;
				STRIP_INSTALLED_PRODUCT = YES;
				TARGETED_DEVICE_FAMILY = 1;
				VALIDATE_PRODUCT = YES;
			};
			name = Release;
		};
		3E562AFB135F258500B54448 /* Distribute */ = {
			isa = XCBuildConfiguration;
			buildSettings = {
				ARCHS = "$(ARCHS_STANDARD_32_BIT)";
				CODE_SIGN_ENTITLEMENTS = Entitlements.plist;
				CODE_SIGN_IDENTITY = "iPhone Developer";
				"CODE_SIGN_IDENTITY[sdk=iphoneos*]" = "iPhone Distribution: Almende B V";
				GCC_C_LANGUAGE_STANDARD = c99;
				GCC_OPTIMIZATION_LEVEL = s;
				GCC_TREAT_IMPLICIT_FUNCTION_DECLARATIONS_AS_ERRORS = YES;
				GCC_WARN_ABOUT_MISSING_PROTOTYPES = YES;
				GCC_WARN_ABOUT_RETURN_TYPE = YES;
				GCC_WARN_SHADOW = YES;
				GCC_WARN_UNDECLARED_SELECTOR = YES;
				GCC_WARN_UNUSED_VARIABLE = YES;
				IPHONEOS_DEPLOYMENT_TARGET = 4.0;
				OTHER_CFLAGS = "-DNS_BLOCK_ASSERTIONS=1";
				PROVISIONING_PROFILE = "";
				"PROVISIONING_PROFILE[sdk=iphoneos*]" = "82DDD513-E882-4349-BEE1-A61B933FF8C4";
				RUN_CLANG_STATIC_ANALYZER = YES;
				SDKROOT = iphoneos;
				STRIP_INSTALLED_PRODUCT = NO;
				TARGETED_DEVICE_FAMILY = 1;
			};
			name = Distribute;
		};
		3E562AFC135F258500B54448 /* Distribute */ = {
			isa = XCBuildConfiguration;
			buildSettings = {
				ALWAYS_SEARCH_USER_PATHS = NO;
				ARCHS = (
					armv7,
					armv6,
				);
				CLANG_ENABLE_OBJC_ARC = YES;
				CODE_SIGN_ENTITLEMENTS = Entitlements;
				COPY_PHASE_STRIP = YES;
				GCC_CHECK_RETURN_VALUE_OF_OPERATOR_NEW = YES;
				GCC_OPTIMIZATION_LEVEL = 2;
				GCC_PRECOMPILE_PREFIX_HEADER = YES;
				GCC_PREFIX_HEADER = sensePlatform_Prefix.pch;
				GCC_VERSION = com.apple.compilers.llvm.clang.1_0;
				GCC_WARN_64_TO_32_BIT_CONVERSION = NO;
				GCC_WARN_ABOUT_MISSING_FIELD_INITIALIZERS = YES;
				GCC_WARN_INITIALIZER_NOT_FULLY_BRACKETED = YES;
				GCC_WARN_UNUSED_FUNCTION = NO;
				GCC_WARN_UNUSED_LABEL = YES;
				GCC_WARN_UNUSED_PARAMETER = NO;
				INFOPLIST_FILE = "sensePlatform-Info.plist";
				IPHONEOS_DEPLOYMENT_TARGET = 4.0;
				PRODUCT_NAME = sensePlatform;
				STRIP_INSTALLED_PRODUCT = YES;
				TARGETED_DEVICE_FAMILY = 1;
				VALIDATE_PRODUCT = YES;
			};
			name = Distribute;
		};
		3EA627C613816F1E007F60D2 /* Distribute appStore */ = {
			isa = XCBuildConfiguration;
			buildSettings = {
				ARCHS = "$(ARCHS_STANDARD_32_BIT)";
				CODE_SIGN_ENTITLEMENTS = Entitlements.plist;
				CODE_SIGN_IDENTITY = "iPhone Developer";
				"CODE_SIGN_IDENTITY[sdk=iphoneos*]" = "iPhone Distribution: Almende B V";
				GCC_C_LANGUAGE_STANDARD = c99;
				GCC_GENERATE_DEBUGGING_SYMBOLS = YES;
				GCC_OPTIMIZATION_LEVEL = s;
				GCC_TREAT_IMPLICIT_FUNCTION_DECLARATIONS_AS_ERRORS = YES;
				GCC_WARN_ABOUT_MISSING_PROTOTYPES = YES;
				GCC_WARN_ABOUT_RETURN_TYPE = YES;
				GCC_WARN_SHADOW = YES;
				GCC_WARN_UNDECLARED_SELECTOR = YES;
				GCC_WARN_UNUSED_VARIABLE = YES;
				IPHONEOS_DEPLOYMENT_TARGET = 4.0;
				OTHER_CFLAGS = "-DNS_BLOCK_ASSERTIONS=1";
				PROVISIONING_PROFILE = "";
				"PROVISIONING_PROFILE[sdk=iphoneos*]" = "82DDD513-E882-4349-BEE1-A61B933FF8C4";
				RUN_CLANG_STATIC_ANALYZER = YES;
				SDKROOT = iphoneos;
				STRIP_INSTALLED_PRODUCT = NO;
				TARGETED_DEVICE_FAMILY = 1;
			};
			name = "Distribute appStore";
		};
		3EA627C713816F1E007F60D2 /* Distribute appStore */ = {
			isa = XCBuildConfiguration;
			buildSettings = {
				ALWAYS_SEARCH_USER_PATHS = NO;
				ARCHS = (
					armv7,
					armv6,
				);
				CLANG_ENABLE_OBJC_ARC = YES;
				CODE_SIGN_ENTITLEMENTS = Entitlements.plist;
				COPY_PHASE_STRIP = YES;
				GCC_CHECK_RETURN_VALUE_OF_OPERATOR_NEW = YES;
				GCC_OPTIMIZATION_LEVEL = 2;
				GCC_PRECOMPILE_PREFIX_HEADER = YES;
				GCC_PREFIX_HEADER = sensePlatform_Prefix.pch;
				GCC_VERSION = com.apple.compilers.llvm.clang.1_0;
				GCC_WARN_64_TO_32_BIT_CONVERSION = NO;
				GCC_WARN_ABOUT_MISSING_FIELD_INITIALIZERS = YES;
				GCC_WARN_INITIALIZER_NOT_FULLY_BRACKETED = YES;
				GCC_WARN_UNUSED_FUNCTION = NO;
				GCC_WARN_UNUSED_LABEL = YES;
				GCC_WARN_UNUSED_PARAMETER = NO;
				INFOPLIST_FILE = "sensePlatform-Info.plist";
				IPHONEOS_DEPLOYMENT_TARGET = 4.0;
				PRODUCT_NAME = sensePlatform;
				STRIP_INSTALLED_PRODUCT = YES;
				TARGETED_DEVICE_FAMILY = 1;
				VALIDATE_PRODUCT = YES;
			};
			name = "Distribute appStore";
		};
		C01FCF4F08A954540054247B /* Debug */ = {
			isa = XCBuildConfiguration;
			buildSettings = {
				ARCHS = "$(ARCHS_STANDARD_32_BIT)";
				CODE_SIGN_ENTITLEMENTS = EntitlementsDebug.plist;
				CODE_SIGN_IDENTITY = "iPhone Developer";
				"CODE_SIGN_IDENTITY[sdk=iphoneos*]" = "iPhone Developer";
				GCC_C_LANGUAGE_STANDARD = c99;
				GCC_OPTIMIZATION_LEVEL = s;
				GCC_TREAT_IMPLICIT_FUNCTION_DECLARATIONS_AS_ERRORS = YES;
				GCC_WARN_ABOUT_MISSING_PROTOTYPES = YES;
				GCC_WARN_ABOUT_RETURN_TYPE = YES;
				GCC_WARN_CHECK_SWITCH_STATEMENTS = YES;
				GCC_WARN_MISSING_PARENTHESES = YES;
				GCC_WARN_SHADOW = YES;
				GCC_WARN_UNDECLARED_SELECTOR = YES;
				GCC_WARN_UNUSED_VARIABLE = YES;
				IPHONEOS_DEPLOYMENT_TARGET = 4.0;
				PROVISIONING_PROFILE = "";
				"PROVISIONING_PROFILE[sdk=iphoneos*]" = "";
				RUN_CLANG_STATIC_ANALYZER = YES;
				SDKROOT = iphoneos;
				STRIP_INSTALLED_PRODUCT = NO;
				TARGETED_DEVICE_FAMILY = 1;
			};
			name = Debug;
		};
		C01FCF5008A954540054247B /* Release */ = {
			isa = XCBuildConfiguration;
			buildSettings = {
				ARCHS = "$(ARCHS_STANDARD_32_BIT)";
				CODE_SIGN_IDENTITY = "iPhone Developer";
				"CODE_SIGN_IDENTITY[sdk=iphoneos*]" = "iPhone Distribution: Almende B V";
				GCC_C_LANGUAGE_STANDARD = c99;
				GCC_OPTIMIZATION_LEVEL = s;
				GCC_TREAT_IMPLICIT_FUNCTION_DECLARATIONS_AS_ERRORS = YES;
				GCC_WARN_ABOUT_MISSING_PROTOTYPES = YES;
				GCC_WARN_ABOUT_RETURN_TYPE = YES;
				GCC_WARN_SHADOW = YES;
				GCC_WARN_UNDECLARED_SELECTOR = YES;
				GCC_WARN_UNUSED_VARIABLE = YES;
				IPHONEOS_DEPLOYMENT_TARGET = 4.0;
				OTHER_CFLAGS = "-DNS_BLOCK_ASSERTIONS=1";
				PROVISIONING_PROFILE = "";
				"PROVISIONING_PROFILE[sdk=iphoneos*]" = "82DDD513-E882-4349-BEE1-A61B933FF8C4";
				RUN_CLANG_STATIC_ANALYZER = YES;
				SDKROOT = iphoneos;
				STRIP_INSTALLED_PRODUCT = NO;
				TARGETED_DEVICE_FAMILY = 1;
			};
			name = Release;
		};
/* End XCBuildConfiguration section */

/* Begin XCConfigurationList section */
		1D6058960D05DD3E006BFB54 /* Build configuration list for PBXNativeTarget "sensePlatform" */ = {
			isa = XCConfigurationList;
			buildConfigurations = (
				1D6058940D05DD3E006BFB54 /* Debug */,
				1D6058950D05DD3E006BFB54 /* Release */,
				3E562AFC135F258500B54448 /* Distribute */,
				3EA627C713816F1E007F60D2 /* Distribute appStore */,
			);
			defaultConfigurationIsVisible = 0;
			defaultConfigurationName = "Distribute appStore";
		};
		C01FCF4E08A954540054247B /* Build configuration list for PBXProject "sensePlatform" */ = {
			isa = XCConfigurationList;
			buildConfigurations = (
				C01FCF4F08A954540054247B /* Debug */,
				C01FCF5008A954540054247B /* Release */,
				3E562AFB135F258500B54448 /* Distribute */,
				3EA627C613816F1E007F60D2 /* Distribute appStore */,
			);
			defaultConfigurationIsVisible = 0;
			defaultConfigurationName = "Distribute appStore";
		};
/* End XCConfigurationList section */
	};
	rootObject = 29B97313FDCFA39411CA2CEA /* Project object */;
}
