// !$*UTF8*$!
{
	archiveVersion = 1;
	classes = {
	};
	objectVersion = 46;
	objects = {

/* Begin PBXBuildFile section */
		1D3623260D0F684500981E51 /* senseLocationAppAppDelegate.m in Sources */ = {isa = PBXBuildFile; fileRef = 1D3623250D0F684500981E51 /* senseLocationAppAppDelegate.m */; };
		1D60589B0D05DD56006BFB54 /* main.m in Sources */ = {isa = PBXBuildFile; fileRef = 29B97316FDCFA39411CA2CEA /* main.m */; };
		1D60589F0D05DD5A006BFB54 /* Foundation.framework in Frameworks */ = {isa = PBXBuildFile; fileRef = 1D30AB110D05D00D00671497 /* Foundation.framework */; };
		1DF5F4E00D08C38300B7A737 /* UIKit.framework in Frameworks */ = {isa = PBXBuildFile; fileRef = 1DF5F4DF0D08C38300B7A737 /* UIKit.framework */; };
		28AD733F0D9D9553002E5188 /* MainWindow.xib in Resources */ = {isa = PBXBuildFile; fileRef = 28AD733E0D9D9553002E5188 /* MainWindow.xib */; };
		3E1125EE16A5941E00805102 /* CommonSense.plist in Resources */ = {isa = PBXBuildFile; fileRef = 3E1125EC16A5941E00805102 /* CommonSense.plist */; };
		3E1125EF16A5941E00805102 /* Settings.plist in Resources */ = {isa = PBXBuildFile; fileRef = 3E1125ED16A5941E00805102 /* Settings.plist */; };
		3E11260816A5BF7300805102 /* RegisterUserView.m in Sources */ = {isa = PBXBuildFile; fileRef = 3E11260716A5BF7300805102 /* RegisterUserView.m */; };
		3E11260A16A6F1D600805102 /* RegisterView.xib in Resources */ = {isa = PBXBuildFile; fileRef = 3E11260916A6F1D600805102 /* RegisterView.xib */; };
		3E9C158715D8EB1100F520D0 /* CoreLocation.framework in Frameworks */ = {isa = PBXBuildFile; fileRef = 3EBA192F130AE7F000C5B924 /* CoreLocation.framework */; };
		3E9C158815D8EB2200F520D0 /* AVFoundation.framework in Frameworks */ = {isa = PBXBuildFile; fileRef = 3EE0F772131D004500DE2609 /* AVFoundation.framework */; };
		3E9C158915D8EB2C00F520D0 /* CoreAudio.framework in Frameworks */ = {isa = PBXBuildFile; fileRef = 3EE0F95E131E75EA00DE2609 /* CoreAudio.framework */; };
		3E9C158A15D8EB3500F520D0 /* AudioToolbox.framework in Frameworks */ = {isa = PBXBuildFile; fileRef = 3EAE90C81356E94100E79918 /* AudioToolbox.framework */; };
		3E9C158B15D8EB4600F520D0 /* CoreTelephony.framework in Frameworks */ = {isa = PBXBuildFile; fileRef = 3E562A65135D9DA800B54448 /* CoreTelephony.framework */; };
		3E9C158C15D8EB4E00F520D0 /* SystemConfiguration.framework in Frameworks */ = {isa = PBXBuildFile; fileRef = 3E5D4286136AE4970057D124 /* SystemConfiguration.framework */; };
		3E9C158D15D8EB6100F520D0 /* CoreMotion.framework in Frameworks */ = {isa = PBXBuildFile; fileRef = 3E2B217D131B9648000D7A8F /* CoreMotion.framework */; };
		3EA4196A16E8B0FF000F2FB3 /* libSense platform.a in Frameworks */ = {isa = PBXBuildFile; fileRef = 3EA4196316E8B04A000F2FB3 /* libSense platform.a */; };
		3EA6225F137AC237007F60D2 /* EntitlementsDebug.plist in Resources */ = {isa = PBXBuildFile; fileRef = 3EA6225E137AC237007F60D2 /* EntitlementsDebug.plist */; };
		3EA622BF137AD8C5007F60D2 /* PickerTable.m in Sources */ = {isa = PBXBuildFile; fileRef = 3EA622BE137AD8C5007F60D2 /* PickerTable.m */; };
		3EA62382137BFF90007F60D2 /* Preferences.m in Sources */ = {isa = PBXBuildFile; fileRef = 3EA62381137BFF90007F60D2 /* Preferences.m */; };
		3EA626CD13812A3B007F60D2 /* icon@2x.png in Resources */ = {isa = PBXBuildFile; fileRef = 3EA626CC13812A3B007F60D2 /* icon@2x.png */; };
		3EA626EA13814A5F007F60D2 /* Default.png in Resources */ = {isa = PBXBuildFile; fileRef = 3EA626E913814A5F007F60D2 /* Default.png */; };
		3EA6278B1381664C007F60D2 /* Default@2x.png in Resources */ = {isa = PBXBuildFile; fileRef = 3EA6278A1381664C007F60D2 /* Default@2x.png */; };
		3EAAD3B115821C63006BD4A8 /* CoreBluetooth.framework in Frameworks */ = {isa = PBXBuildFile; fileRef = 3EAAD3B015821C63006BD4A8 /* CoreBluetooth.framework */; settings = {ATTRIBUTES = (Weak, ); }; };
		3EBA1C80130C2FC600C5B924 /* SettingsViewController.m in Sources */ = {isa = PBXBuildFile; fileRef = 3EBA1C7E130C2FC600C5B924 /* SettingsViewController.m */; };
		3EBA2037130D731700C5B924 /* LoginSettings.m in Sources */ = {isa = PBXBuildFile; fileRef = 3EBA2035130D731700C5B924 /* LoginSettings.m */; };
		3EBA2038130D731700C5B924 /* LoginSettings.xib in Resources */ = {isa = PBXBuildFile; fileRef = 3EBA2036130D731700C5B924 /* LoginSettings.xib */; };
		3EC5AAA513C7407400CDACED /* MainWindow-iPad.xib in Resources */ = {isa = PBXBuildFile; fileRef = 3EC5AAA413C7407400CDACED /* MainWindow-iPad.xib */; };
		3EDB0B1E13153A3500936309 /* WebViewController.m in Sources */ = {isa = PBXBuildFile; fileRef = 3EDB0B1D13153A3500936309 /* WebViewController.m */; };
		3EE0F9D6131E963000DE2609 /* icon.png in Resources */ = {isa = PBXBuildFile; fileRef = 3EE0F9D5131E963000DE2609 /* icon.png */; };
/* End PBXBuildFile section */

/* Begin PBXContainerItemProxy section */
		3EA4196216E8B04A000F2FB3 /* PBXContainerItemProxy */ = {
			isa = PBXContainerItemProxy;
			containerPortal = 3EA4195816E8B049000F2FB3 /* Sense platform.xcodeproj */;
			proxyType = 2;
			remoteGlobalIDString = 3E820D6A15D40AB50001A3EC;
			remoteInfo = "Sense platform";
		};
		3EA4196416E8B04A000F2FB3 /* PBXContainerItemProxy */ = {
			isa = PBXContainerItemProxy;
			containerPortal = 3EA4195816E8B049000F2FB3 /* Sense platform.xcodeproj */;
			proxyType = 2;
			remoteGlobalIDString = 3E148B91160A12000010A0D1;
			remoteInfo = SensePlatformTestApp;
		};
		3EA4196616E8B04A000F2FB3 /* PBXContainerItemProxy */ = {
			isa = PBXContainerItemProxy;
			containerPortal = 3EA4195816E8B049000F2FB3 /* Sense platform.xcodeproj */;
			proxyType = 2;
			remoteGlobalIDString = 3E148BA8160A12010010A0D1;
			remoteInfo = SensePlatformTestAppTests;
		};
		3EA4196816E8B0F9000F2FB3 /* PBXContainerItemProxy */ = {
			isa = PBXContainerItemProxy;
			containerPortal = 3EA4195816E8B049000F2FB3 /* Sense platform.xcodeproj */;
			proxyType = 1;
			remoteGlobalIDString = 3E820D6915D40AB50001A3EC;
			remoteInfo = "Sense platform";
		};
/* End PBXContainerItemProxy section */

/* Begin PBXFileReference section */
		1D30AB110D05D00D00671497 /* Foundation.framework */ = {isa = PBXFileReference; lastKnownFileType = wrapper.framework; name = Foundation.framework; path = System/Library/Frameworks/Foundation.framework; sourceTree = SDKROOT; };
		1D3623240D0F684500981E51 /* senseLocationAppAppDelegate.h */ = {isa = PBXFileReference; fileEncoding = 4; lastKnownFileType = sourcecode.c.h; path = senseLocationAppAppDelegate.h; sourceTree = "<group>"; };
		1D3623250D0F684500981E51 /* senseLocationAppAppDelegate.m */ = {isa = PBXFileReference; fileEncoding = 4; lastKnownFileType = sourcecode.c.objc; path = senseLocationAppAppDelegate.m; sourceTree = "<group>"; };
		1D6058910D05DD3D006BFB54 /* sensePlatform.app */ = {isa = PBXFileReference; explicitFileType = wrapper.application; includeInIndex = 0; path = sensePlatform.app; sourceTree = BUILT_PRODUCTS_DIR; };
		1DF5F4DF0D08C38300B7A737 /* UIKit.framework */ = {isa = PBXFileReference; lastKnownFileType = wrapper.framework; name = UIKit.framework; path = System/Library/Frameworks/UIKit.framework; sourceTree = SDKROOT; };
		288765FC0DF74451002DB57D /* CoreGraphics.framework */ = {isa = PBXFileReference; lastKnownFileType = wrapper.framework; name = CoreGraphics.framework; path = System/Library/Frameworks/CoreGraphics.framework; sourceTree = SDKROOT; };
		28AD733E0D9D9553002E5188 /* MainWindow.xib */ = {isa = PBXFileReference; lastKnownFileType = file.xib; path = MainWindow.xib; sourceTree = "<group>"; };
		29B97316FDCFA39411CA2CEA /* main.m */ = {isa = PBXFileReference; fileEncoding = 4; lastKnownFileType = sourcecode.c.objc; path = main.m; sourceTree = "<group>"; };
		32CA4F630368D1EE00C91783 /* sensePlatform_Prefix.pch */ = {isa = PBXFileReference; fileEncoding = 4; lastKnownFileType = sourcecode.c.h; path = sensePlatform_Prefix.pch; sourceTree = "<group>"; };
		3E1125EC16A5941E00805102 /* CommonSense.plist */ = {isa = PBXFileReference; fileEncoding = 4; lastKnownFileType = text.plist.xml; path = CommonSense.plist; sourceTree = "<group>"; };
		3E1125ED16A5941E00805102 /* Settings.plist */ = {isa = PBXFileReference; fileEncoding = 4; lastKnownFileType = text.plist.xml; path = Settings.plist; sourceTree = "<group>"; };
		3E11260616A5BF7200805102 /* RegisterUserView.h */ = {isa = PBXFileReference; fileEncoding = 4; lastKnownFileType = sourcecode.c.h; path = RegisterUserView.h; sourceTree = "<group>"; };
		3E11260716A5BF7300805102 /* RegisterUserView.m */ = {isa = PBXFileReference; fileEncoding = 4; lastKnownFileType = sourcecode.c.objc; path = RegisterUserView.m; sourceTree = "<group>"; };
		3E11260916A6F1D600805102 /* RegisterView.xib */ = {isa = PBXFileReference; fileEncoding = 4; lastKnownFileType = file.xib; path = RegisterView.xib; sourceTree = "<group>"; };
		3E2B217D131B9648000D7A8F /* CoreMotion.framework */ = {isa = PBXFileReference; lastKnownFileType = wrapper.framework; name = CoreMotion.framework; path = System/Library/Frameworks/CoreMotion.framework; sourceTree = SDKROOT; };
		3E562A65135D9DA800B54448 /* CoreTelephony.framework */ = {isa = PBXFileReference; lastKnownFileType = wrapper.framework; name = CoreTelephony.framework; path = System/Library/Frameworks/CoreTelephony.framework; sourceTree = SDKROOT; };
		3E562B11135F26B200B54448 /* Entitlements.plist */ = {isa = PBXFileReference; fileEncoding = 4; lastKnownFileType = text.plist.xml; path = Entitlements.plist; sourceTree = "<group>"; };
		3E5D4286136AE4970057D124 /* SystemConfiguration.framework */ = {isa = PBXFileReference; lastKnownFileType = wrapper.framework; name = SystemConfiguration.framework; path = System/Library/Frameworks/SystemConfiguration.framework; sourceTree = SDKROOT; };
		3EA4195816E8B049000F2FB3 /* Sense platform.xcodeproj */ = {isa = PBXFileReference; lastKnownFileType = "wrapper.pb-project"; name = "Sense platform.xcodeproj"; path = "../sense-library/Sense platform.xcodeproj"; sourceTree = "<group>"; };
		3EA6225E137AC237007F60D2 /* EntitlementsDebug.plist */ = {isa = PBXFileReference; fileEncoding = 4; lastKnownFileType = text.plist.xml; path = EntitlementsDebug.plist; sourceTree = "<group>"; };
		3EA622BD137AD8C5007F60D2 /* PickerTable.h */ = {isa = PBXFileReference; fileEncoding = 4; lastKnownFileType = sourcecode.c.h; path = PickerTable.h; sourceTree = "<group>"; };
		3EA622BE137AD8C5007F60D2 /* PickerTable.m */ = {isa = PBXFileReference; fileEncoding = 4; lastKnownFileType = sourcecode.c.objc; path = PickerTable.m; sourceTree = "<group>"; };
		3EA62380137BFF90007F60D2 /* Preferences.h */ = {isa = PBXFileReference; fileEncoding = 4; lastKnownFileType = sourcecode.c.h; path = Preferences.h; sourceTree = "<group>"; };
		3EA62381137BFF90007F60D2 /* Preferences.m */ = {isa = PBXFileReference; fileEncoding = 4; lastKnownFileType = sourcecode.c.objc; path = Preferences.m; sourceTree = "<group>"; };
		3EA626CC13812A3B007F60D2 /* icon@2x.png */ = {isa = PBXFileReference; lastKnownFileType = image.png; path = "icon@2x.png"; sourceTree = "<group>"; };
		3EA626E913814A5F007F60D2 /* Default.png */ = {isa = PBXFileReference; lastKnownFileType = image.png; path = Default.png; sourceTree = "<group>"; };
		3EA6278A1381664C007F60D2 /* Default@2x.png */ = {isa = PBXFileReference; lastKnownFileType = image.png; path = "Default@2x.png"; sourceTree = "<group>"; };
		3EAAD3B015821C63006BD4A8 /* CoreBluetooth.framework */ = {isa = PBXFileReference; lastKnownFileType = wrapper.framework; name = CoreBluetooth.framework; path = System/Library/Frameworks/CoreBluetooth.framework; sourceTree = SDKROOT; };
		3EAE90C81356E94100E79918 /* AudioToolbox.framework */ = {isa = PBXFileReference; lastKnownFileType = wrapper.framework; name = AudioToolbox.framework; path = System/Library/Frameworks/AudioToolbox.framework; sourceTree = SDKROOT; };
		3EBA192F130AE7F000C5B924 /* CoreLocation.framework */ = {isa = PBXFileReference; lastKnownFileType = wrapper.framework; name = CoreLocation.framework; path = System/Library/Frameworks/CoreLocation.framework; sourceTree = SDKROOT; };
		3EBA1C7D130C2FC600C5B924 /* SettingsViewController.h */ = {isa = PBXFileReference; fileEncoding = 4; lastKnownFileType = sourcecode.c.h; path = SettingsViewController.h; sourceTree = "<group>"; };
		3EBA1C7E130C2FC600C5B924 /* SettingsViewController.m */ = {isa = PBXFileReference; fileEncoding = 4; lastKnownFileType = sourcecode.c.objc; path = SettingsViewController.m; sourceTree = "<group>"; };
		3EBA2034130D731700C5B924 /* LoginSettings.h */ = {isa = PBXFileReference; fileEncoding = 4; lastKnownFileType = sourcecode.c.h; path = LoginSettings.h; sourceTree = "<group>"; };
		3EBA2035130D731700C5B924 /* LoginSettings.m */ = {isa = PBXFileReference; fileEncoding = 4; lastKnownFileType = sourcecode.c.objc; path = LoginSettings.m; sourceTree = "<group>"; };
		3EBA2036130D731700C5B924 /* LoginSettings.xib */ = {isa = PBXFileReference; lastKnownFileType = file.xib; path = LoginSettings.xib; sourceTree = "<group>"; };
		3EC5AAA413C7407400CDACED /* MainWindow-iPad.xib */ = {isa = PBXFileReference; lastKnownFileType = file.xib; name = "MainWindow-iPad.xib"; path = "iPad/MainWindow-iPad.xib"; sourceTree = "<group>"; };
		3EDB0B1C13153A3500936309 /* WebViewController.h */ = {isa = PBXFileReference; fileEncoding = 4; lastKnownFileType = sourcecode.c.h; path = WebViewController.h; sourceTree = "<group>"; };
		3EDB0B1D13153A3500936309 /* WebViewController.m */ = {isa = PBXFileReference; fileEncoding = 4; lastKnownFileType = sourcecode.c.objc; path = WebViewController.m; sourceTree = "<group>"; };
		3EE0F772131D004500DE2609 /* AVFoundation.framework */ = {isa = PBXFileReference; lastKnownFileType = wrapper.framework; name = AVFoundation.framework; path = System/Library/Frameworks/AVFoundation.framework; sourceTree = SDKROOT; };
		3EE0F95E131E75EA00DE2609 /* CoreAudio.framework */ = {isa = PBXFileReference; lastKnownFileType = wrapper.framework; name = CoreAudio.framework; path = System/Library/Frameworks/CoreAudio.framework; sourceTree = SDKROOT; };
		3EE0F9D5131E963000DE2609 /* icon.png */ = {isa = PBXFileReference; lastKnownFileType = image.png; path = icon.png; sourceTree = "<group>"; };
		3EE0F9FA131E9DA900DE2609 /* CoreMedia.framework */ = {isa = PBXFileReference; lastKnownFileType = wrapper.framework; name = CoreMedia.framework; path = System/Library/Frameworks/CoreMedia.framework; sourceTree = SDKROOT; };
		8D1107310486CEB800E47090 /* sensePlatform-Info.plist */ = {isa = PBXFileReference; fileEncoding = 4; lastKnownFileType = text.plist.xml; path = "sensePlatform-Info.plist"; plistStructureDefinitionIdentifier = "com.apple.xcode.plist.structure-definition.iphone.info-plist"; sourceTree = "<group>"; };
/* End PBXFileReference section */

/* Begin PBXFrameworksBuildPhase section */
		1D60588F0D05DD3D006BFB54 /* Frameworks */ = {
			isa = PBXFrameworksBuildPhase;
			buildActionMask = 2147483647;
			files = (
				3EA4196A16E8B0FF000F2FB3 /* libSense platform.a in Frameworks */,
				3E9C158D15D8EB6100F520D0 /* CoreMotion.framework in Frameworks */,
				3E9C158C15D8EB4E00F520D0 /* SystemConfiguration.framework in Frameworks */,
				3E9C158B15D8EB4600F520D0 /* CoreTelephony.framework in Frameworks */,
				3E9C158A15D8EB3500F520D0 /* AudioToolbox.framework in Frameworks */,
				3E9C158915D8EB2C00F520D0 /* CoreAudio.framework in Frameworks */,
				3E9C158815D8EB2200F520D0 /* AVFoundation.framework in Frameworks */,
				3E9C158715D8EB1100F520D0 /* CoreLocation.framework in Frameworks */,
				3EAAD3B115821C63006BD4A8 /* CoreBluetooth.framework in Frameworks */,
				1D60589F0D05DD5A006BFB54 /* Foundation.framework in Frameworks */,
				1DF5F4E00D08C38300B7A737 /* UIKit.framework in Frameworks */,
			);
			runOnlyForDeploymentPostprocessing = 0;
		};
/* End PBXFrameworksBuildPhase section */

/* Begin PBXGroup section */
		080E96DDFE201D6D7F000001 /* Classes */ = {
			isa = PBXGroup;
			children = (
				3EBA1895130ADB2200C5B924 /* gui */,
				1D3623240D0F684500981E51 /* senseLocationAppAppDelegate.h */,
				1D3623250D0F684500981E51 /* senseLocationAppAppDelegate.m */,
			);
			path = Classes;
			sourceTree = "<group>";
		};
		19C28FACFE9D520D11CA2CBB /* Products */ = {
			isa = PBXGroup;
			children = (
				1D6058910D05DD3D006BFB54 /* sensePlatform.app */,
			);
			name = Products;
			sourceTree = "<group>";
		};
		29B97314FDCFA39411CA2CEA /* CustomTemplate */ = {
			isa = PBXGroup;
			children = (
				3EA4195816E8B049000F2FB3 /* Sense platform.xcodeproj */,
				3EAAD3B015821C63006BD4A8 /* CoreBluetooth.framework */,
				080E96DDFE201D6D7F000001 /* Classes */,
				29B97315FDCFA39411CA2CEA /* Other Sources */,
				29B97317FDCFA39411CA2CEA /* Resources */,
				3EC5AAA313C7406E00CDACED /* iPad */,
				29B97323FDCFA39411CA2CEA /* Frameworks */,
				19C28FACFE9D520D11CA2CBB /* Products */,
			);
			name = CustomTemplate;
			sourceTree = "<group>";
		};
		29B97315FDCFA39411CA2CEA /* Other Sources */ = {
			isa = PBXGroup;
			children = (
				32CA4F630368D1EE00C91783 /* sensePlatform_Prefix.pch */,
				29B97316FDCFA39411CA2CEA /* main.m */,
			);
			name = "Other Sources";
			sourceTree = "<group>";
		};
		29B97317FDCFA39411CA2CEA /* Resources */ = {
			isa = PBXGroup;
			children = (
				3E1125EC16A5941E00805102 /* CommonSense.plist */,
				3E1125ED16A5941E00805102 /* Settings.plist */,
				3EA626E913814A5F007F60D2 /* Default.png */,
				3EA6278A1381664C007F60D2 /* Default@2x.png */,
				3EA6225E137AC237007F60D2 /* EntitlementsDebug.plist */,
				3E562B11135F26B200B54448 /* Entitlements.plist */,
				3EE0F9D5131E963000DE2609 /* icon.png */,
				28AD733E0D9D9553002E5188 /* MainWindow.xib */,
				3EA626CC13812A3B007F60D2 /* icon@2x.png */,
				8D1107310486CEB800E47090 /* sensePlatform-Info.plist */,
			);
			name = Resources;
			sourceTree = "<group>";
		};
		29B97323FDCFA39411CA2CEA /* Frameworks */ = {
			isa = PBXGroup;
			children = (
				1DF5F4DF0D08C38300B7A737 /* UIKit.framework */,
				1D30AB110D05D00D00671497 /* Foundation.framework */,
				288765FC0DF74451002DB57D /* CoreGraphics.framework */,
				3EBA192F130AE7F000C5B924 /* CoreLocation.framework */,
				3E2B217D131B9648000D7A8F /* CoreMotion.framework */,
				3EE0F772131D004500DE2609 /* AVFoundation.framework */,
				3EE0F95E131E75EA00DE2609 /* CoreAudio.framework */,
				3EE0F9FA131E9DA900DE2609 /* CoreMedia.framework */,
				3EAE90C81356E94100E79918 /* AudioToolbox.framework */,
				3E562A65135D9DA800B54448 /* CoreTelephony.framework */,
				3E5D4286136AE4970057D124 /* SystemConfiguration.framework */,
			);
			name = Frameworks;
			sourceTree = "<group>";
		};
		3EA4195916E8B049000F2FB3 /* Products */ = {
			isa = PBXGroup;
			children = (
				3EA4196316E8B04A000F2FB3 /* libSense platform.a */,
				3EA4196516E8B04A000F2FB3 /* SensePlatformTestApp.app */,
				3EA4196716E8B04A000F2FB3 /* SensePlatformTestAppTests.octest */,
			);
			name = Products;
			sourceTree = "<group>";
		};
		3EBA1895130ADB2200C5B924 /* gui */ = {
			isa = PBXGroup;
			children = (
				3EA62380137BFF90007F60D2 /* Preferences.h */,
				3EA62381137BFF90007F60D2 /* Preferences.m */,
				3EA622BD137AD8C5007F60D2 /* PickerTable.h */,
				3EA622BE137AD8C5007F60D2 /* PickerTable.m */,
				3EBA1C7D130C2FC600C5B924 /* SettingsViewController.h */,
				3EBA1C7E130C2FC600C5B924 /* SettingsViewController.m */,
				3EDB0B1C13153A3500936309 /* WebViewController.h */,
				3EDB0B1D13153A3500936309 /* WebViewController.m */,
				3EBA2034130D731700C5B924 /* LoginSettings.h */,
				3EBA2035130D731700C5B924 /* LoginSettings.m */,
				3EBA2036130D731700C5B924 /* LoginSettings.xib */,
				3E11260616A5BF7200805102 /* RegisterUserView.h */,
				3E11260716A5BF7300805102 /* RegisterUserView.m */,
				3E11260916A6F1D600805102 /* RegisterView.xib */,
			);
			name = gui;
			sourceTree = "<group>";
		};
		3EC5AAA313C7406E00CDACED /* iPad */ = {
			isa = PBXGroup;
			children = (
				3EC5AAA413C7407400CDACED /* MainWindow-iPad.xib */,
			);
			name = iPad;
			sourceTree = "<group>";
		};
/* End PBXGroup section */

/* Begin PBXNativeTarget section */
		1D6058900D05DD3D006BFB54 /* sensePlatform */ = {
			isa = PBXNativeTarget;
			buildConfigurationList = 1D6058960D05DD3E006BFB54 /* Build configuration list for PBXNativeTarget "sensePlatform" */;
			buildPhases = (
				1D60588D0D05DD3D006BFB54 /* Resources */,
				1D60588E0D05DD3D006BFB54 /* Sources */,
				1D60588F0D05DD3D006BFB54 /* Frameworks */,
			);
			buildRules = (
			);
			dependencies = (
				3EA4196916E8B0F9000F2FB3 /* PBXTargetDependency */,
			);
			name = sensePlatform;
			productName = senseLocationApp;
			productReference = 1D6058910D05DD3D006BFB54 /* sensePlatform.app */;
			productType = "com.apple.product-type.application";
		};
/* End PBXNativeTarget section */

/* Begin PBXProject section */
		29B97313FDCFA39411CA2CEA /* Project object */ = {
			isa = PBXProject;
			attributes = {
				LastUpgradeCheck = 0430;
				ORGANIZATIONNAME = "Almende B.V.";
			};
			buildConfigurationList = C01FCF4E08A954540054247B /* Build configuration list for PBXProject "sensePlatform" */;
			compatibilityVersion = "Xcode 3.2";
			developmentRegion = English;
			hasScannedForEncodings = 1;
			knownRegions = (
				English,
				Japanese,
				French,
				German,
				en,
			);
			mainGroup = 29B97314FDCFA39411CA2CEA /* CustomTemplate */;
			projectDirPath = "";
			projectReferences = (
				{
					ProductGroup = 3EA4195916E8B049000F2FB3 /* Products */;
					ProjectRef = 3EA4195816E8B049000F2FB3 /* Sense platform.xcodeproj */;
				},
			);
			projectRoot = "";
			targets = (
				1D6058900D05DD3D006BFB54 /* sensePlatform */,
			);
		};
/* End PBXProject section */

/* Begin PBXReferenceProxy section */
		3EA4196316E8B04A000F2FB3 /* libSense platform.a */ = {
			isa = PBXReferenceProxy;
			fileType = archive.ar;
			path = "libSense platform.a";
			remoteRef = 3EA4196216E8B04A000F2FB3 /* PBXContainerItemProxy */;
			sourceTree = BUILT_PRODUCTS_DIR;
		};
		3EA4196516E8B04A000F2FB3 /* SensePlatformTestApp.app */ = {
			isa = PBXReferenceProxy;
			fileType = wrapper.application;
			path = SensePlatformTestApp.app;
			remoteRef = 3EA4196416E8B04A000F2FB3 /* PBXContainerItemProxy */;
			sourceTree = BUILT_PRODUCTS_DIR;
		};
		3EA4196716E8B04A000F2FB3 /* SensePlatformTestAppTests.octest */ = {
			isa = PBXReferenceProxy;
			fileType = wrapper.cfbundle;
			path = SensePlatformTestAppTests.octest;
			remoteRef = 3EA4196616E8B04A000F2FB3 /* PBXContainerItemProxy */;
			sourceTree = BUILT_PRODUCTS_DIR;
		};
/* End PBXReferenceProxy section */

/* Begin PBXResourcesBuildPhase section */
		1D60588D0D05DD3D006BFB54 /* Resources */ = {
			isa = PBXResourcesBuildPhase;
			buildActionMask = 2147483647;
			files = (
				28AD733F0D9D9553002E5188 /* MainWindow.xib in Resources */,
				3EBA2038130D731700C5B924 /* LoginSettings.xib in Resources */,
				3EE0F9D6131E963000DE2609 /* icon.png in Resources */,
				3EA6225F137AC237007F60D2 /* EntitlementsDebug.plist in Resources */,
				3EA626CD13812A3B007F60D2 /* icon@2x.png in Resources */,
				3EA626EA13814A5F007F60D2 /* Default.png in Resources */,
				3EA6278B1381664C007F60D2 /* Default@2x.png in Resources */,
				3EC5AAA513C7407400CDACED /* MainWindow-iPad.xib in Resources */,
				3E1125EE16A5941E00805102 /* CommonSense.plist in Resources */,
				3E1125EF16A5941E00805102 /* Settings.plist in Resources */,
				3E11260A16A6F1D600805102 /* RegisterView.xib in Resources */,
			);
			runOnlyForDeploymentPostprocessing = 0;
		};
/* End PBXResourcesBuildPhase section */

/* Begin PBXSourcesBuildPhase section */
		1D60588E0D05DD3D006BFB54 /* Sources */ = {
			isa = PBXSourcesBuildPhase;
			buildActionMask = 2147483647;
			files = (
				1D60589B0D05DD56006BFB54 /* main.m in Sources */,
				1D3623260D0F684500981E51 /* senseLocationAppAppDelegate.m in Sources */,
				3EBA1C80130C2FC600C5B924 /* SettingsViewController.m in Sources */,
				3EBA2037130D731700C5B924 /* LoginSettings.m in Sources */,
				3EDB0B1E13153A3500936309 /* WebViewController.m in Sources */,
				3EA622BF137AD8C5007F60D2 /* PickerTable.m in Sources */,
				3EA62382137BFF90007F60D2 /* Preferences.m in Sources */,
				3E11260816A5BF7300805102 /* RegisterUserView.m in Sources */,
			);
			runOnlyForDeploymentPostprocessing = 0;
		};
/* End PBXSourcesBuildPhase section */

/* Begin PBXTargetDependency section */
		3EA4196916E8B0F9000F2FB3 /* PBXTargetDependency */ = {
			isa = PBXTargetDependency;
			name = "Sense platform";
			targetProxy = 3EA4196816E8B0F9000F2FB3 /* PBXContainerItemProxy */;
		};
/* End PBXTargetDependency section */

/* Begin XCBuildConfiguration section */
		1D6058940D05DD3E006BFB54 /* Debug */ = {
			isa = XCBuildConfiguration;
			buildSettings = {
				ALWAYS_SEARCH_USER_PATHS = NO;
				ARCHS = "$(ARCHS_STANDARD_32_BIT)";
				CLANG_ENABLE_OBJC_ARC = YES;
				CODE_SIGN_IDENTITY = "iPhone Developer";
				COPY_PHASE_STRIP = NO;
				FRAMEWORK_SEARCH_PATHS = "$(inherited)";
				GCC_CHECK_RETURN_VALUE_OF_OPERATOR_NEW = YES;
				GCC_DYNAMIC_NO_PIC = NO;
				GCC_OPTIMIZATION_LEVEL = 2;
				GCC_PRECOMPILE_PREFIX_HEADER = YES;
				GCC_PREFIX_HEADER = sensePlatform_Prefix.pch;
				GCC_THUMB_SUPPORT = NO;
				GCC_VERSION = com.apple.compilers.llvm.clang.1_0;
				GCC_WARN_64_TO_32_BIT_CONVERSION = NO;
				GCC_WARN_ABOUT_MISSING_FIELD_INITIALIZERS = YES;
				GCC_WARN_INITIALIZER_NOT_FULLY_BRACKETED = YES;
				GCC_WARN_UNUSED_FUNCTION = NO;
				GCC_WARN_UNUSED_LABEL = YES;
				GCC_WARN_UNUSED_PARAMETER = NO;
				INFOPLIST_FILE = "sensePlatform-Info.plist";
				IPHONEOS_DEPLOYMENT_TARGET = 5.0;
				ONLY_ACTIVE_ARCH = NO;
				OTHER_LDFLAGS = (
					"-lstdc++",
					"-all_load",
				);
				PRODUCT_NAME = sensePlatform;
				PROVISIONING_PROFILE = "";
				STRIP_INSTALLED_PRODUCT = YES;
				TARGETED_DEVICE_FAMILY = 1;
				USER_HEADER_SEARCH_PATHS = "/Users/pim/Documents/iosProjects/sense-library/include/**";
			};
			name = Debug;
		};
		1D6058950D05DD3E006BFB54 /* Release */ = {
			isa = XCBuildConfiguration;
			buildSettings = {
				ALWAYS_SEARCH_USER_PATHS = NO;
				ARCHS = "$(ARCHS_STANDARD_32_BIT)";
				CLANG_ENABLE_OBJC_ARC = YES;
				CODE_SIGN_IDENTITY = "iPhone Distribution";
				"CODE_SIGN_IDENTITY[sdk=iphoneos*]" = "iPhone Distribution";
				COPY_PHASE_STRIP = YES;
				FRAMEWORK_SEARCH_PATHS = "$(inherited)";
				GCC_CHECK_RETURN_VALUE_OF_OPERATOR_NEW = YES;
				GCC_OPTIMIZATION_LEVEL = 2;
				GCC_PRECOMPILE_PREFIX_HEADER = YES;
				GCC_PREFIX_HEADER = sensePlatform_Prefix.pch;
				GCC_THUMB_SUPPORT = NO;
				GCC_VERSION = com.apple.compilers.llvm.clang.1_0;
				GCC_WARN_64_TO_32_BIT_CONVERSION = NO;
				GCC_WARN_ABOUT_MISSING_FIELD_INITIALIZERS = YES;
				GCC_WARN_INITIALIZER_NOT_FULLY_BRACKETED = YES;
				GCC_WARN_UNUSED_FUNCTION = NO;
				GCC_WARN_UNUSED_LABEL = YES;
				GCC_WARN_UNUSED_PARAMETER = NO;
				INFOPLIST_FILE = "sensePlatform-Info.plist";
				IPHONEOS_DEPLOYMENT_TARGET = 5.0;
				ONLY_ACTIVE_ARCH = NO;
				OTHER_LDFLAGS = (
					"-lstdc++",
					"-all_load",
				);
				PRODUCT_NAME = sensePlatform;
				PROVISIONING_PROFILE = "";
				"PROVISIONING_PROFILE[sdk=iphoneos*]" = "";
				STRIP_INSTALLED_PRODUCT = YES;
				TARGETED_DEVICE_FAMILY = 1;
				USER_HEADER_SEARCH_PATHS = "/Users/pim/Documents/iosProjects/sense-library/include/**";
				VALIDATE_PRODUCT = YES;
			};
			name = Release;
		};
		3E562AFB135F258500B54448 /* Distribute */ = {
			isa = XCBuildConfiguration;
			buildSettings = {
				ARCHS = "$(ARCHS_STANDARD_32_BIT)";
				CODE_SIGN_ENTITLEMENTS = Entitlements.plist;
				CODE_SIGN_IDENTITY = "iPhone Developer";
				"CODE_SIGN_IDENTITY[sdk=iphoneos*]" = "iPhone Distribution: Almende B V";
				GCC_C_LANGUAGE_STANDARD = c99;
				GCC_OPTIMIZATION_LEVEL = s;
				GCC_TREAT_IMPLICIT_FUNCTION_DECLARATIONS_AS_ERRORS = YES;
				GCC_WARN_ABOUT_MISSING_PROTOTYPES = YES;
				GCC_WARN_ABOUT_RETURN_TYPE = YES;
				GCC_WARN_SHADOW = YES;
				GCC_WARN_UNDECLARED_SELECTOR = YES;
				GCC_WARN_UNUSED_VARIABLE = YES;
				IPHONEOS_DEPLOYMENT_TARGET = 4.0;
				OTHER_CFLAGS = "-DNS_BLOCK_ASSERTIONS=1";
				PROVISIONING_PROFILE = "";
				"PROVISIONING_PROFILE[sdk=iphoneos*]" = "82DDD513-E882-4349-BEE1-A61B933FF8C4";
				RUN_CLANG_STATIC_ANALYZER = YES;
				SDKROOT = iphoneos;
				STRIP_INSTALLED_PRODUCT = NO;
				TARGETED_DEVICE_FAMILY = 1;
			};
			name = Distribute;
		};
		3E562AFC135F258500B54448 /* Distribute */ = {
			isa = XCBuildConfiguration;
			buildSettings = {
				ALWAYS_SEARCH_USER_PATHS = NO;
				ARCHS = "$(ARCHS_STANDARD_32_BIT)";
				CLANG_ENABLE_OBJC_ARC = YES;
				CODE_SIGN_IDENTITY = "iPhone Distribution";
				"CODE_SIGN_IDENTITY[sdk=iphoneos*]" = "iPhone Distribution";
				COPY_PHASE_STRIP = YES;
				FRAMEWORK_SEARCH_PATHS = "$(inherited)";
				GCC_CHECK_RETURN_VALUE_OF_OPERATOR_NEW = YES;
				GCC_OPTIMIZATION_LEVEL = 2;
				GCC_PRECOMPILE_PREFIX_HEADER = YES;
				GCC_PREFIX_HEADER = sensePlatform_Prefix.pch;
				GCC_THUMB_SUPPORT = NO;
				GCC_VERSION = com.apple.compilers.llvm.clang.1_0;
				GCC_WARN_64_TO_32_BIT_CONVERSION = NO;
				GCC_WARN_ABOUT_MISSING_FIELD_INITIALIZERS = YES;
				GCC_WARN_INITIALIZER_NOT_FULLY_BRACKETED = YES;
				GCC_WARN_UNUSED_FUNCTION = NO;
				GCC_WARN_UNUSED_LABEL = YES;
				GCC_WARN_UNUSED_PARAMETER = NO;
				INFOPLIST_FILE = "sensePlatform-Info.plist";
				IPHONEOS_DEPLOYMENT_TARGET = 5.0;
				ONLY_ACTIVE_ARCH = NO;
				OTHER_LDFLAGS = (
					"-lstdc++",
					"-all_load",
				);
				PRODUCT_NAME = sensePlatform;
				PROVISIONING_PROFILE = "";
				"PROVISIONING_PROFILE[sdk=iphoneos*]" = "";
				STRIP_INSTALLED_PRODUCT = YES;
				TARGETED_DEVICE_FAMILY = 1;
				USER_HEADER_SEARCH_PATHS = "/Users/pim/Documents/iosProjects/sense-library/include/**";
				VALIDATE_PRODUCT = YES;
			};
			name = Distribute;
		};
		3EA627C613816F1E007F60D2 /* Distribute appStore */ = {
			isa = XCBuildConfiguration;
			buildSettings = {
				ARCHS = "$(ARCHS_STANDARD_32_BIT)";
				CODE_SIGN_ENTITLEMENTS = Entitlements.plist;
				CODE_SIGN_IDENTITY = "iPhone Developer";
				"CODE_SIGN_IDENTITY[sdk=iphoneos*]" = "iPhone Distribution: Almende B V";
				GCC_C_LANGUAGE_STANDARD = c99;
				GCC_GENERATE_DEBUGGING_SYMBOLS = YES;
				GCC_OPTIMIZATION_LEVEL = s;
				GCC_TREAT_IMPLICIT_FUNCTION_DECLARATIONS_AS_ERRORS = YES;
				GCC_WARN_ABOUT_MISSING_PROTOTYPES = YES;
				GCC_WARN_ABOUT_RETURN_TYPE = YES;
				GCC_WARN_SHADOW = YES;
				GCC_WARN_UNDECLARED_SELECTOR = YES;
				GCC_WARN_UNUSED_VARIABLE = YES;
				IPHONEOS_DEPLOYMENT_TARGET = 4.0;
				OTHER_CFLAGS = "-DNS_BLOCK_ASSERTIONS=1";
				PROVISIONING_PROFILE = "";
				"PROVISIONING_PROFILE[sdk=iphoneos*]" = "82DDD513-E882-4349-BEE1-A61B933FF8C4";
				RUN_CLANG_STATIC_ANALYZER = YES;
				SDKROOT = iphoneos;
				STRIP_INSTALLED_PRODUCT = NO;
				TARGETED_DEVICE_FAMILY = 1;
			};
			name = "Distribute appStore";
		};
		3EA627C713816F1E007F60D2 /* Distribute appStore */ = {
			isa = XCBuildConfiguration;
			buildSettings = {
				ALWAYS_SEARCH_USER_PATHS = NO;
				ARCHS = "$(ARCHS_STANDARD_32_BIT)";
				CLANG_ENABLE_OBJC_ARC = YES;
				CODE_SIGN_IDENTITY = "iPhone Distribution";
				"CODE_SIGN_IDENTITY[sdk=iphoneos*]" = "iPhone Distribution";
				COPY_PHASE_STRIP = YES;
				FRAMEWORK_SEARCH_PATHS = "$(inherited)";
				GCC_CHECK_RETURN_VALUE_OF_OPERATOR_NEW = YES;
				GCC_OPTIMIZATION_LEVEL = 2;
				GCC_PRECOMPILE_PREFIX_HEADER = YES;
				GCC_PREFIX_HEADER = sensePlatform_Prefix.pch;
				GCC_THUMB_SUPPORT = NO;
				GCC_VERSION = com.apple.compilers.llvm.clang.1_0;
				GCC_WARN_64_TO_32_BIT_CONVERSION = NO;
				GCC_WARN_ABOUT_MISSING_FIELD_INITIALIZERS = YES;
				GCC_WARN_INITIALIZER_NOT_FULLY_BRACKETED = YES;
				GCC_WARN_UNUSED_FUNCTION = NO;
				GCC_WARN_UNUSED_LABEL = YES;
				GCC_WARN_UNUSED_PARAMETER = NO;
				INFOPLIST_FILE = "sensePlatform-Info.plist";
				IPHONEOS_DEPLOYMENT_TARGET = 5.0;
				ONLY_ACTIVE_ARCH = NO;
				OTHER_LDFLAGS = (
					"-lstdc++",
					"-all_load",
				);
				PRODUCT_NAME = sensePlatform;
				PROVISIONING_PROFILE = "";
				"PROVISIONING_PROFILE[sdk=iphoneos*]" = "";
				STRIP_INSTALLED_PRODUCT = YES;
				TARGETED_DEVICE_FAMILY = 1;
				USER_HEADER_SEARCH_PATHS = "/Users/pim/Documents/iosProjects/sense-library/include/**";
				VALIDATE_PRODUCT = YES;
			};
			name = "Distribute appStore";
		};
		C01FCF4F08A954540054247B /* Debug */ = {
			isa = XCBuildConfiguration;
			buildSettings = {
				ARCHS = "$(ARCHS_STANDARD_32_BIT)";
				CODE_SIGN_ENTITLEMENTS = EntitlementsDebug.plist;
				CODE_SIGN_IDENTITY = "iPhone Developer";
				"CODE_SIGN_IDENTITY[sdk=iphoneos*]" = "iPhone Developer";
				GCC_C_LANGUAGE_STANDARD = c99;
				GCC_OPTIMIZATION_LEVEL = s;
				GCC_TREAT_IMPLICIT_FUNCTION_DECLARATIONS_AS_ERRORS = YES;
				GCC_WARN_ABOUT_MISSING_PROTOTYPES = YES;
				GCC_WARN_ABOUT_RETURN_TYPE = YES;
				GCC_WARN_CHECK_SWITCH_STATEMENTS = YES;
				GCC_WARN_MISSING_PARENTHESES = YES;
				GCC_WARN_SHADOW = YES;
				GCC_WARN_UNDECLARED_SELECTOR = YES;
				GCC_WARN_UNUSED_VARIABLE = YES;
				IPHONEOS_DEPLOYMENT_TARGET = 4.0;
				PROVISIONING_PROFILE = "";
				"PROVISIONING_PROFILE[sdk=iphoneos*]" = "";
				RUN_CLANG_STATIC_ANALYZER = YES;
				SDKROOT = iphoneos;
				STRIP_INSTALLED_PRODUCT = NO;
				TARGETED_DEVICE_FAMILY = 1;
			};
			name = Debug;
		};
		C01FCF5008A954540054247B /* Release */ = {
			isa = XCBuildConfiguration;
			buildSettings = {
				ARCHS = "$(ARCHS_STANDARD_32_BIT)";
				CODE_SIGN_IDENTITY = "iPhone Developer";
				"CODE_SIGN_IDENTITY[sdk=iphoneos*]" = "iPhone Distribution";
				GCC_C_LANGUAGE_STANDARD = c99;
				GCC_OPTIMIZATION_LEVEL = s;
				GCC_TREAT_IMPLICIT_FUNCTION_DECLARATIONS_AS_ERRORS = YES;
				GCC_WARN_ABOUT_MISSING_PROTOTYPES = YES;
				GCC_WARN_ABOUT_RETURN_TYPE = YES;
				GCC_WARN_SHADOW = YES;
				GCC_WARN_UNDECLARED_SELECTOR = YES;
				GCC_WARN_UNUSED_VARIABLE = YES;
				IPHONEOS_DEPLOYMENT_TARGET = 4.0;
				OTHER_CFLAGS = "-DNS_BLOCK_ASSERTIONS=1";
				PROVISIONING_PROFILE = "";
				"PROVISIONING_PROFILE[sdk=iphoneos*]" = "";
				RUN_CLANG_STATIC_ANALYZER = YES;
				SDKROOT = iphoneos;
				STRIP_INSTALLED_PRODUCT = NO;
				TARGETED_DEVICE_FAMILY = 1;
			};
			name = Release;
		};
/* End XCBuildConfiguration section */

/* Begin XCConfigurationList section */
		1D6058960D05DD3E006BFB54 /* Build configuration list for PBXNativeTarget "sensePlatform" */ = {
			isa = XCConfigurationList;
			buildConfigurations = (
				1D6058940D05DD3E006BFB54 /* Debug */,
				1D6058950D05DD3E006BFB54 /* Release */,
				3E562AFC135F258500B54448 /* Distribute */,
				3EA627C713816F1E007F60D2 /* Distribute appStore */,
			);
			defaultConfigurationIsVisible = 0;
			defaultConfigurationName = "Distribute appStore";
		};
		C01FCF4E08A954540054247B /* Build configuration list for PBXProject "sensePlatform" */ = {
			isa = XCConfigurationList;
			buildConfigurations = (
				C01FCF4F08A954540054247B /* Debug */,
				C01FCF5008A954540054247B /* Release */,
				3E562AFB135F258500B54448 /* Distribute */,
				3EA627C613816F1E007F60D2 /* Distribute appStore */,
			);
			defaultConfigurationIsVisible = 0;
			defaultConfigurationName = "Distribute appStore";
		};
/* End XCConfigurationList section */
	};
	rootObject = 29B97313FDCFA39411CA2CEA /* Project object */;
}
